
Microsoft Visual Studio Solution File, Format Version 11.00
# Visual Studio 2010
Project("{8BC9CEB8-8B4A-11D0-8D11-00A0C91BC942}") = "GnSystem", "..\..\..\Project\Core\GnSystem\VS2010\GnSystem\GnSystem.vcxproj", "{CBBE5D61-E19D-4523-9E28-261B8E4CFCE1}"
EndProject
Project("{8BC9CEB8-8B4A-11D0-8D11-00A0C91BC942}") = "GnMesh", "..\..\..\Project\Core\GnMesh\VS2010\GnMesh\GnMesh.vcxproj", "{69C97749-061E-47DF-AD41-450839D4A167}"
	ProjectSection(ProjectDependencies) = postProject
		{CBBE5D61-E19D-4523-9E28-261B8E4CFCE1} = {CBBE5D61-E19D-4523-9E28-261B8E4CFCE1}
		{7E63DF66-3091-4F1E-BEE3-0A66BDEA2389} = {7E63DF66-3091-4F1E-BEE3-0A66BDEA2389}
	EndProjectSection
EndProject
Project("{8BC9CEB8-8B4A-11D0-8D11-00A0C91BC942}") = "GnDirectx9Renderer", "..\..\..\Project\Core\GnDirectx9Renderer\VS2010\GnDirectx9Renderer\GnDirectx9Renderer.vcxproj", "{254BD08D-9458-41D7-A206-A40A94D2E0A3}"
	ProjectSection(ProjectDependencies) = postProject
		{1C349533-4DA2-4967-BC0C-7A0BA80545AD} = {1C349533-4DA2-4967-BC0C-7A0BA80545AD}
		{69C97749-061E-47DF-AD41-450839D4A167} = {69C97749-061E-47DF-AD41-450839D4A167}
		{CBBE5D61-E19D-4523-9E28-261B8E4CFCE1} = {CBBE5D61-E19D-4523-9E28-261B8E4CFCE1}
		{7E63DF66-3091-4F1E-BEE3-0A66BDEA2389} = {7E63DF66-3091-4F1E-BEE3-0A66BDEA2389}
	EndProjectSection
EndProject
Project("{8BC9CEB8-8B4A-11D0-8D11-00A0C91BC942}") = "GnMain", "..\..\..\Project\Core\GnMain\VS2010\GnMain\GnMain.vcxproj", "{7E63DF66-3091-4F1E-BEE3-0A66BDEA2389}"
	ProjectSection(ProjectDependencies) = postProject
		{CBBE5D61-E19D-4523-9E28-261B8E4CFCE1} = {CBBE5D61-E19D-4523-9E28-261B8E4CFCE1}
	EndProjectSection
EndProject
Project("{8BC9CEB8-8B4A-11D0-8D11-00A0C91BC942}") = "GnScreenMesh", "..\..\..\Project\Core\GnScreenMesh\VS2010\GnScreenMesh\GnScreenMesh.vcxproj", "{1C349533-4DA2-4967-BC0C-7A0BA80545AD}"
	ProjectSection(ProjectDependencies) = postProject
		{69C97749-061E-47DF-AD41-450839D4A167} = {69C97749-061E-47DF-AD41-450839D4A167}
		{CBBE5D61-E19D-4523-9E28-261B8E4CFCE1} = {CBBE5D61-E19D-4523-9E28-261B8E4CFCE1}
		{7E63DF66-3091-4F1E-BEE3-0A66BDEA2389} = {7E63DF66-3091-4F1E-BEE3-0A66BDEA2389}
	EndProjectSection
EndProject
Global
	GlobalSection(SolutionConfigurationPlatforms) = preSolution
		Debug|Win32 = Debug|Win32
		Log|Win32 = Log|Win32
		Release|Win32 = Release|Win32
	EndGlobalSection
	GlobalSection(ProjectConfigurationPlatforms) = postSolution
		{CBBE5D61-E19D-4523-9E28-261B8E4CFCE1}.Debug|Win32.ActiveCfg = Debug|Win32
		{CBBE5D61-E19D-4523-9E28-261B8E4CFCE1}.Debug|Win32.Build.0 = Debug|Win32
		{CBBE5D61-E19D-4523-9E28-261B8E4CFCE1}.Log|Win32.ActiveCfg = Log|Win32
		{CBBE5D61-E19D-4523-9E28-261B8E4CFCE1}.Log|Win32.Build.0 = Log|Win32
		{CBBE5D61-E19D-4523-9E28-261B8E4CFCE1}.Release|Win32.ActiveCfg = Release|Win32
		{CBBE5D61-E19D-4523-9E28-261B8E4CFCE1}.Release|Win32.Build.0 = Release|Win32
		{69C97749-061E-47DF-AD41-450839D4A167}.Debug|Win32.ActiveCfg = Debug|Win32
		{69C97749-061E-47DF-AD41-450839D4A167}.Debug|Win32.Build.0 = Debug|Win32
		{69C97749-061E-47DF-AD41-450839D4A167}.Log|Win32.ActiveCfg = Log|Win32
		{69C97749-061E-47DF-AD41-450839D4A167}.Log|Win32.Build.0 = Log|Win32
		{69C97749-061E-47DF-AD41-450839D4A167}.Release|Win32.ActiveCfg = Release|Win32
		{69C97749-061E-47DF-AD41-450839D4A167}.Release|Win32.Build.0 = Release|Win32
		{254BD08D-9458-41D7-A206-A40A94D2E0A3}.Debug|Win32.ActiveCfg = Debug|Win32
		{254BD08D-9458-41D7-A206-A40A94D2E0A3}.Debug|Win32.Build.0 = Debug|Win32
		{254BD08D-9458-41D7-A206-A40A94D2E0A3}.Log|Win32.ActiveCfg = Log|Win32
		{254BD08D-9458-41D7-A206-A40A94D2E0A3}.Log|Win32.Build.0 = Log|Win32
		{254BD08D-9458-41D7-A206-A40A94D2E0A3}.Release|Win32.ActiveCfg = Release|Win32
		{254BD08D-9458-41D7-A206-A40A94D2E0A3}.Release|Win32.Build.0 = Release|Win32
		{7E63DF66-3091-4F1E-BEE3-0A66BDEA2389}.Debug|Win32.ActiveCfg = Debug|Win32
		{7E63DF66-3091-4F1E-BEE3-0A66BDEA2389}.Debug|Win32.Build.0 = Debug|Win32
		{7E63DF66-3091-4F1E-BEE3-0A66BDEA2389}.Log|Win32.ActiveCfg = Log|Win32
		{7E63DF66-3091-4F1E-BEE3-0A66BDEA2389}.Log|Win32.Build.0 = Log|Win32
		{7E63DF66-3091-4F1E-BEE3-0A66BDEA2389}.Release|Win32.ActiveCfg = Release|Win32
		{7E63DF66-3091-4F1E-BEE3-0A66BDEA2389}.Release|Win32.Build.0 = Release|Win32
		{1C349533-4DA2-4967-BC0C-7A0BA80545AD}.Debug|Win32.ActiveCfg = Debug|Win32
		{1C349533-4DA2-4967-BC0C-7A0BA80545AD}.Debug|Win32.Build.0 = Debug|Win32
		{1C349533-4DA2-4967-BC0C-7A0BA80545AD}.Log|Win32.ActiveCfg = Log|Win32
		{1C349533-4DA2-4967-BC0C-7A0BA80545AD}.Log|Win32.Build.0 = Log|Win32
		{1C349533-4DA2-4967-BC0C-7A0BA80545AD}.Release|Win32.ActiveCfg = Release|Win32
		{1C349533-4DA2-4967-BC0C-7A0BA80545AD}.Release|Win32.Build.0 = Release|Win32
	EndGlobalSection
	GlobalSection(SolutionProperties) = preSolution
		HideSolutionNode = FALSE
	EndGlobalSection
EndGlobal
