// !$*UTF8*$!
{
	archiveVersion = 1;
	classes = {
	};
	objectVersion = 46;
	objects = {

/* Begin PBXBuildFile section */
		21D7FC5813A19E6900CE0D46 /* Foundation.framework in Frameworks */ = {isa = PBXBuildFile; fileRef = 21D7FC5713A19E6900CE0D46 /* Foundation.framework */; };
		21D7FCD213A1C7AA00CE0D46 /* GnAllocator.h in Headers */ = {isa = PBXBuildFile; fileRef = 21D7FCA113A1C7AA00CE0D46 /* GnAllocator.h */; };
		21D7FCD313A1C7AA00CE0D46 /* GnCharFunctions.cpp in Sources */ = {isa = PBXBuildFile; fileRef = 21D7FCA213A1C7AA00CE0D46 /* GnCharFunctions.cpp */; };
		21D7FCD413A1C7AA00CE0D46 /* GnCharFunctions.h in Headers */ = {isa = PBXBuildFile; fileRef = 21D7FCA313A1C7AA00CE0D46 /* GnCharFunctions.h */; };
		21D7FCD513A1C7AA00CE0D46 /* GnCriticalSection.h in Headers */ = {isa = PBXBuildFile; fileRef = 21D7FCA413A1C7AA00CE0D46 /* GnCriticalSection.h */; };
		21D7FCD613A1C7AA00CE0D46 /* GnDebug.cpp in Sources */ = {isa = PBXBuildFile; fileRef = 21D7FCA513A1C7AA00CE0D46 /* GnDebug.cpp */; };
		21D7FCD713A1C7AA00CE0D46 /* GnDebug.h in Headers */ = {isa = PBXBuildFile; fileRef = 21D7FCA613A1C7AA00CE0D46 /* GnDebug.h */; };
		21D7FCD813A1C7AA00CE0D46 /* GnDebugAllocator.cpp in Sources */ = {isa = PBXBuildFile; fileRef = 21D7FCA713A1C7AA00CE0D46 /* GnDebugAllocator.cpp */; };
		21D7FCD913A1C7AA00CE0D46 /* GnDebugAllocator.h in Headers */ = {isa = PBXBuildFile; fileRef = 21D7FCA813A1C7AA00CE0D46 /* GnDebugAllocator.h */; };
		21D7FCDA13A1C7AA00CE0D46 /* GnFrameSkip.cpp in Sources */ = {isa = PBXBuildFile; fileRef = 21D7FCA913A1C7AA00CE0D46 /* GnFrameSkip.cpp */; };
		21D7FCDB13A1C7AA00CE0D46 /* GnFrameSkip.h in Headers */ = {isa = PBXBuildFile; fileRef = 21D7FCAA13A1C7AA00CE0D46 /* GnFrameSkip.h */; };
		21D7FCDC13A1C7AA00CE0D46 /* GnList.h in Headers */ = {isa = PBXBuildFile; fileRef = 21D7FCAB13A1C7AA00CE0D46 /* GnList.h */; };
		21D7FCDD13A1C7AB00CE0D46 /* GnLog.cpp in Sources */ = {isa = PBXBuildFile; fileRef = 21D7FCAC13A1C7AA00CE0D46 /* GnLog.cpp */; };
		21D7FCDE13A1C7AB00CE0D46 /* GnLog.h in Headers */ = {isa = PBXBuildFile; fileRef = 21D7FCAD13A1C7AA00CE0D46 /* GnLog.h */; };
		21D7FCDF13A1C7AB00CE0D46 /* GnMemoryDefine.cpp in Sources */ = {isa = PBXBuildFile; fileRef = 21D7FCAE13A1C7AA00CE0D46 /* GnMemoryDefine.cpp */; };
		21D7FCE013A1C7AB00CE0D46 /* GnMemoryDefine.h in Headers */ = {isa = PBXBuildFile; fileRef = 21D7FCAF13A1C7AA00CE0D46 /* GnMemoryDefine.h */; };
		21D7FCE113A1C7AB00CE0D46 /* GnMemoryManager.cpp in Sources */ = {isa = PBXBuildFile; fileRef = 21D7FCB013A1C7AA00CE0D46 /* GnMemoryManager.cpp */; };
		21D7FCE213A1C7AB00CE0D46 /* GnMemoryManager.h in Headers */ = {isa = PBXBuildFile; fileRef = 21D7FCB113A1C7AA00CE0D46 /* GnMemoryManager.h */; };
		21D7FCE313A1C7AB00CE0D46 /* GnMemoryObject.cpp in Sources */ = {isa = PBXBuildFile; fileRef = 21D7FCB213A1C7AA00CE0D46 /* GnMemoryObject.cpp */; };
		21D7FCE413A1C7AB00CE0D46 /* GnMemoryObject.h in Headers */ = {isa = PBXBuildFile; fileRef = 21D7FCB313A1C7AA00CE0D46 /* GnMemoryObject.h */; };
		21D7FCE513A1C7AB00CE0D46 /* GnPath.cpp in Sources */ = {isa = PBXBuildFile; fileRef = 21D7FCB413A1C7AA00CE0D46 /* GnPath.cpp */; };
		21D7FCE613A1C7AB00CE0D46 /* GnPath.h in Headers */ = {isa = PBXBuildFile; fileRef = 21D7FCB513A1C7AA00CE0D46 /* GnPath.h */; };
		21D7FCE713A1C7AB00CE0D46 /* GnSimpleString.h in Headers */ = {isa = PBXBuildFile; fileRef = 21D7FCB613A1C7AA00CE0D46 /* GnSimpleString.h */; };
		21D7FCE813A1C7AB00CE0D46 /* GnSimpleTString.h in Headers */ = {isa = PBXBuildFile; fileRef = 21D7FCB713A1C7AA00CE0D46 /* GnSimpleTString.h */; };
		21D7FCE913A1C7AB00CE0D46 /* GnSmartObject.h in Headers */ = {isa = PBXBuildFile; fileRef = 21D7FCB813A1C7AA00CE0D46 /* GnSmartObject.h */; };
		21D7FCEA13A1C7AB00CE0D46 /* GnStandardAllocator.cpp in Sources */ = {isa = PBXBuildFile; fileRef = 21D7FCB913A1C7AA00CE0D46 /* GnStandardAllocator.cpp */; };
		21D7FCEB13A1C7AB00CE0D46 /* GnStandardAllocator.h in Headers */ = {isa = PBXBuildFile; fileRef = 21D7FCBA13A1C7AA00CE0D46 /* GnStandardAllocator.h */; };
		21D7FCEC13A1C7AB00CE0D46 /* GnSystem.cpp in Sources */ = {isa = PBXBuildFile; fileRef = 21D7FCBB13A1C7AA00CE0D46 /* GnSystem.cpp */; };
		21D7FCED13A1C7AB00CE0D46 /* GnSystem.h in Headers */ = {isa = PBXBuildFile; fileRef = 21D7FCBC13A1C7AA00CE0D46 /* GnSystem.h */; };
		21D7FCEE13A1C7AB00CE0D46 /* GnSystemDefine.h in Headers */ = {isa = PBXBuildFile; fileRef = 21D7FCBD13A1C7AA00CE0D46 /* GnSystemDefine.h */; };
		21D7FCEF13A1C7AB00CE0D46 /* GnSystemEBM.cpp in Sources */ = {isa = PBXBuildFile; fileRef = 21D7FCBE13A1C7AA00CE0D46 /* GnSystemEBM.cpp */; };
		21D7FCF013A1C7AB00CE0D46 /* GnSystemEBM.h in Headers */ = {isa = PBXBuildFile; fileRef = 21D7FCBF13A1C7AA00CE0D46 /* GnSystemEBM.h */; };
		21D7FCF113A1C7AB00CE0D46 /* GnSystemLibType.h in Headers */ = {isa = PBXBuildFile; fileRef = 21D7FCC013A1C7AA00CE0D46 /* GnSystemLibType.h */; };
		21D7FCF213A1C7AB00CE0D46 /* GnSystemPCH.cpp in Sources */ = {isa = PBXBuildFile; fileRef = 21D7FCC113A1C7AA00CE0D46 /* GnSystemPCH.cpp */; };
		21D7FCF313A1C7AB00CE0D46 /* GnSystemPCH.h in Headers */ = {isa = PBXBuildFile; fileRef = 21D7FCC213A1C7AA00CE0D46 /* GnSystemPCH.h */; };
		21D7FCF413A1C7AB00CE0D46 /* GnTAllocatorCollection.h in Headers */ = {isa = PBXBuildFile; fileRef = 21D7FCC313A1C7AA00CE0D46 /* GnTAllocatorCollection.h */; };
		21D7FCF513A1C7AB00CE0D46 /* GnTArray.h in Headers */ = {isa = PBXBuildFile; fileRef = 21D7FCC413A1C7AA00CE0D46 /* GnTArray.h */; };
		21D7FCF613A1C7AB00CE0D46 /* GnTCharFunctions.h in Headers */ = {isa = PBXBuildFile; fileRef = 21D7FCC513A1C7AA00CE0D46 /* GnTCharFunctions.h */; };
		21D7FCF713A1C7AB00CE0D46 /* GnTimer.cpp in Sources */ = {isa = PBXBuildFile; fileRef = 21D7FCC613A1C7AA00CE0D46 /* GnTimer.cpp */; };
		21D7FCF813A1C7AB00CE0D46 /* GnTimer.h in Headers */ = {isa = PBXBuildFile; fileRef = 21D7FCC713A1C7AA00CE0D46 /* GnTimer.h */; };
		21D7FCF913A1C7AB00CE0D46 /* GnTMap.h in Headers */ = {isa = PBXBuildFile; fileRef = 21D7FCC813A1C7AA00CE0D46 /* GnTMap.h */; };
		21D7FCFA13A1C7AB00CE0D46 /* GnTOther.h in Headers */ = {isa = PBXBuildFile; fileRef = 21D7FCC913A1C7AA00CE0D46 /* GnTOther.h */; };
		21D7FCFB13A1C7AB00CE0D46 /* GnTSet.h in Headers */ = {isa = PBXBuildFile; fileRef = 21D7FCCA13A1C7AA00CE0D46 /* GnTSet.h */; };
		21D7FCFC13A1C7AB00CE0D46 /* GnTStringMap.h in Headers */ = {isa = PBXBuildFile; fileRef = 21D7FCCC13A1C7AA00CE0D46 /* GnTStringMap.h */; };
		21D7FCFD13A1C7AB00CE0D46 /* GnTypeList.h in Headers */ = {isa = PBXBuildFile; fileRef = 21D7FCCD13A1C7AA00CE0D46 /* GnTypeList.h */; };
		21D7FCFE13A1C7AB00CE0D46 /* GnTypeManip.h in Headers */ = {isa = PBXBuildFile; fileRef = 21D7FCCE13A1C7AA00CE0D46 /* GnTypeManip.h */; };
		21D7FCFF13A1C7AB00CE0D46 /* GnTypeTraits.h in Headers */ = {isa = PBXBuildFile; fileRef = 21D7FCCF13A1C7AA00CE0D46 /* GnTypeTraits.h */; };
		21D7FD0013A1C7AB00CE0D46 /* GnWCharFunctions.cpp in Sources */ = {isa = PBXBuildFile; fileRef = 21D7FCD013A1C7AA00CE0D46 /* GnWCharFunctions.cpp */; };
		21D7FD0113A1C7AB00CE0D46 /* GnWCharFunctions.h in Headers */ = {isa = PBXBuildFile; fileRef = 21D7FCD113A1C7AA00CE0D46 /* GnWCharFunctions.h */; };
/* End PBXBuildFile section */

/* Begin PBXFileReference section */
		21D7FC5413A19E6900CE0D46 /* libGnSystem.a */ = {isa = PBXFileReference; explicitFileType = archive.ar; includeInIndex = 0; path = libGnSystem.a; sourceTree = BUILT_PRODUCTS_DIR; };
		21D7FC5713A19E6900CE0D46 /* Foundation.framework */ = {isa = PBXFileReference; lastKnownFileType = wrapper.framework; name = Foundation.framework; path = System/Library/Frameworks/Foundation.framework; sourceTree = SDKROOT; };
		21D7FC5B13A19E6900CE0D46 /* GnSystem-Prefix.pch */ = {isa = PBXFileReference; lastKnownFileType = sourcecode.c.h; path = "GnSystem-Prefix.pch"; sourceTree = "<group>"; };
		21D7FCA013A1C7AA00CE0D46 /* en */ = {isa = PBXFileReference; lastKnownFileType = sourcecode.c.h; name = en; path = en.lproj/GnBitwiseoperation.h; sourceTree = "<group>"; };
		21D7FCA113A1C7AA00CE0D46 /* GnAllocator.h */ = {isa = PBXFileReference; fileEncoding = 4; lastKnownFileType = sourcecode.c.h; path = GnAllocator.h; sourceTree = "<group>"; };
		21D7FCA213A1C7AA00CE0D46 /* GnCharFunctions.cpp */ = {isa = PBXFileReference; fileEncoding = 4; lastKnownFileType = sourcecode.cpp.cpp; path = GnCharFunctions.cpp; sourceTree = "<group>"; };
		21D7FCA313A1C7AA00CE0D46 /* GnCharFunctions.h */ = {isa = PBXFileReference; fileEncoding = 4; lastKnownFileType = sourcecode.c.h; path = GnCharFunctions.h; sourceTree = "<group>"; };
		21D7FCA413A1C7AA00CE0D46 /* GnCriticalSection.h */ = {isa = PBXFileReference; fileEncoding = 4; lastKnownFileType = sourcecode.c.h; path = GnCriticalSection.h; sourceTree = "<group>"; };
		21D7FCA513A1C7AA00CE0D46 /* GnDebug.cpp */ = {isa = PBXFileReference; fileEncoding = 4; lastKnownFileType = sourcecode.cpp.cpp; path = GnDebug.cpp; sourceTree = "<group>"; };
		21D7FCA613A1C7AA00CE0D46 /* GnDebug.h */ = {isa = PBXFileReference; fileEncoding = 4; lastKnownFileType = sourcecode.c.h; path = GnDebug.h; sourceTree = "<group>"; };
		21D7FCA713A1C7AA00CE0D46 /* GnDebugAllocator.cpp */ = {isa = PBXFileReference; fileEncoding = 4; lastKnownFileType = sourcecode.cpp.cpp; path = GnDebugAllocator.cpp; sourceTree = "<group>"; };
		21D7FCA813A1C7AA00CE0D46 /* GnDebugAllocator.h */ = {isa = PBXFileReference; fileEncoding = 4; lastKnownFileType = sourcecode.c.h; path = GnDebugAllocator.h; sourceTree = "<group>"; };
		21D7FCA913A1C7AA00CE0D46 /* GnFrameSkip.cpp */ = {isa = PBXFileReference; fileEncoding = 4; lastKnownFileType = sourcecode.cpp.cpp; path = GnFrameSkip.cpp; sourceTree = "<group>"; };
		21D7FCAA13A1C7AA00CE0D46 /* GnFrameSkip.h */ = {isa = PBXFileReference; fileEncoding = 4; lastKnownFileType = sourcecode.c.h; path = GnFrameSkip.h; sourceTree = "<group>"; };
		21D7FCAB13A1C7AA00CE0D46 /* GnList.h */ = {isa = PBXFileReference; fileEncoding = 4; lastKnownFileType = sourcecode.c.h; path = GnList.h; sourceTree = "<group>"; };
		21D7FCAC13A1C7AA00CE0D46 /* GnLog.cpp */ = {isa = PBXFileReference; fileEncoding = 4; lastKnownFileType = sourcecode.cpp.cpp; path = GnLog.cpp; sourceTree = "<group>"; };
		21D7FCAD13A1C7AA00CE0D46 /* GnLog.h */ = {isa = PBXFileReference; fileEncoding = 4; lastKnownFileType = sourcecode.c.h; path = GnLog.h; sourceTree = "<group>"; };
		21D7FCAE13A1C7AA00CE0D46 /* GnMemoryDefine.cpp */ = {isa = PBXFileReference; fileEncoding = 4; lastKnownFileType = sourcecode.cpp.cpp; path = GnMemoryDefine.cpp; sourceTree = "<group>"; };
		21D7FCAF13A1C7AA00CE0D46 /* GnMemoryDefine.h */ = {isa = PBXFileReference; fileEncoding = 4; lastKnownFileType = sourcecode.c.h; path = GnMemoryDefine.h; sourceTree = "<group>"; };
		21D7FCB013A1C7AA00CE0D46 /* GnMemoryManager.cpp */ = {isa = PBXFileReference; fileEncoding = 4; lastKnownFileType = sourcecode.cpp.cpp; path = GnMemoryManager.cpp; sourceTree = "<group>"; };
		21D7FCB113A1C7AA00CE0D46 /* GnMemoryManager.h */ = {isa = PBXFileReference; fileEncoding = 4; lastKnownFileType = sourcecode.c.h; path = GnMemoryManager.h; sourceTree = "<group>"; };
		21D7FCB213A1C7AA00CE0D46 /* GnMemoryObject.cpp */ = {isa = PBXFileReference; fileEncoding = 4; lastKnownFileType = sourcecode.cpp.cpp; path = GnMemoryObject.cpp; sourceTree = "<group>"; };
		21D7FCB313A1C7AA00CE0D46 /* GnMemoryObject.h */ = {isa = PBXFileReference; fileEncoding = 4; lastKnownFileType = sourcecode.c.h; path = GnMemoryObject.h; sourceTree = "<group>"; };
		21D7FCB413A1C7AA00CE0D46 /* GnPath.cpp */ = {isa = PBXFileReference; fileEncoding = 4; lastKnownFileType = sourcecode.cpp.cpp; path = GnPath.cpp; sourceTree = "<group>"; };
		21D7FCB513A1C7AA00CE0D46 /* GnPath.h */ = {isa = PBXFileReference; fileEncoding = 4; lastKnownFileType = sourcecode.c.h; path = GnPath.h; sourceTree = "<group>"; };
		21D7FCB613A1C7AA00CE0D46 /* GnSimpleString.h */ = {isa = PBXFileReference; fileEncoding = 4; lastKnownFileType = sourcecode.c.h; path = GnSimpleString.h; sourceTree = "<group>"; };
		21D7FCB713A1C7AA00CE0D46 /* GnSimpleTString.h */ = {isa = PBXFileReference; fileEncoding = 4; lastKnownFileType = sourcecode.c.h; path = GnSimpleTString.h; sourceTree = "<group>"; };
		21D7FCB813A1C7AA00CE0D46 /* GnSmartObject.h */ = {isa = PBXFileReference; fileEncoding = 4; lastKnownFileType = sourcecode.c.h; path = GnSmartObject.h; sourceTree = "<group>"; };
		21D7FCB913A1C7AA00CE0D46 /* GnStandardAllocator.cpp */ = {isa = PBXFileReference; fileEncoding = 4; lastKnownFileType = sourcecode.cpp.cpp; path = GnStandardAllocator.cpp; sourceTree = "<group>"; };
		21D7FCBA13A1C7AA00CE0D46 /* GnStandardAllocator.h */ = {isa = PBXFileReference; fileEncoding = 4; lastKnownFileType = sourcecode.c.h; path = GnStandardAllocator.h; sourceTree = "<group>"; };
		21D7FCBB13A1C7AA00CE0D46 /* GnSystem.cpp */ = {isa = PBXFileReference; fileEncoding = 4; lastKnownFileType = sourcecode.cpp.cpp; path = GnSystem.cpp; sourceTree = "<group>"; };
		21D7FCBC13A1C7AA00CE0D46 /* GnSystem.h */ = {isa = PBXFileReference; fileEncoding = 4; lastKnownFileType = sourcecode.c.h; path = GnSystem.h; sourceTree = "<group>"; };
		21D7FCBD13A1C7AA00CE0D46 /* GnSystemDefine.h */ = {isa = PBXFileReference; fileEncoding = 4; lastKnownFileType = sourcecode.c.h; path = GnSystemDefine.h; sourceTree = "<group>"; };
		21D7FCBE13A1C7AA00CE0D46 /* GnSystemEBM.cpp */ = {isa = PBXFileReference; fileEncoding = 4; lastKnownFileType = sourcecode.cpp.cpp; path = GnSystemEBM.cpp; sourceTree = "<group>"; };
		21D7FCBF13A1C7AA00CE0D46 /* GnSystemEBM.h */ = {isa = PBXFileReference; fileEncoding = 4; lastKnownFileType = sourcecode.c.h; path = GnSystemEBM.h; sourceTree = "<group>"; };
		21D7FCC013A1C7AA00CE0D46 /* GnSystemLibType.h */ = {isa = PBXFileReference; fileEncoding = 4; lastKnownFileType = sourcecode.c.h; path = GnSystemLibType.h; sourceTree = "<group>"; };
		21D7FCC113A1C7AA00CE0D46 /* GnSystemPCH.cpp */ = {isa = PBXFileReference; fileEncoding = 4; lastKnownFileType = sourcecode.cpp.cpp; path = GnSystemPCH.cpp; sourceTree = "<group>"; };
		21D7FCC213A1C7AA00CE0D46 /* GnSystemPCH.h */ = {isa = PBXFileReference; fileEncoding = 4; lastKnownFileType = sourcecode.c.h; path = GnSystemPCH.h; sourceTree = "<group>"; };
		21D7FCC313A1C7AA00CE0D46 /* GnTAllocatorCollection.h */ = {isa = PBXFileReference; fileEncoding = 4; lastKnownFileType = sourcecode.c.h; path = GnTAllocatorCollection.h; sourceTree = "<group>"; };
		21D7FCC413A1C7AA00CE0D46 /* GnTArray.h */ = {isa = PBXFileReference; fileEncoding = 4; lastKnownFileType = sourcecode.c.h; path = GnTArray.h; sourceTree = "<group>"; };
		21D7FCC513A1C7AA00CE0D46 /* GnTCharFunctions.h */ = {isa = PBXFileReference; fileEncoding = 4; lastKnownFileType = sourcecode.c.h; path = GnTCharFunctions.h; sourceTree = "<group>"; };
		21D7FCC613A1C7AA00CE0D46 /* GnTimer.cpp */ = {isa = PBXFileReference; fileEncoding = 4; lastKnownFileType = sourcecode.cpp.cpp; path = GnTimer.cpp; sourceTree = "<group>"; };
		21D7FCC713A1C7AA00CE0D46 /* GnTimer.h */ = {isa = PBXFileReference; fileEncoding = 4; lastKnownFileType = sourcecode.c.h; path = GnTimer.h; sourceTree = "<group>"; };
		21D7FCC813A1C7AA00CE0D46 /* GnTMap.h */ = {isa = PBXFileReference; fileEncoding = 4; lastKnownFileType = sourcecode.c.h; path = GnTMap.h; sourceTree = "<group>"; };
		21D7FCC913A1C7AA00CE0D46 /* GnTOther.h */ = {isa = PBXFileReference; fileEncoding = 4; lastKnownFileType = sourcecode.c.h; path = GnTOther.h; sourceTree = "<group>"; };
		21D7FCCA13A1C7AA00CE0D46 /* GnTSet.h */ = {isa = PBXFileReference; fileEncoding = 4; lastKnownFileType = sourcecode.c.h; path = GnTSet.h; sourceTree = "<group>"; };
		21D7FCCB13A1C7AA00CE0D46 /* GnTSet.inl */ = {isa = PBXFileReference; fileEncoding = 4; lastKnownFileType = text; path = GnTSet.inl; sourceTree = "<group>"; };
		21D7FCCC13A1C7AA00CE0D46 /* GnTStringMap.h */ = {isa = PBXFileReference; fileEncoding = 4; lastKnownFileType = sourcecode.c.h; path = GnTStringMap.h; sourceTree = "<group>"; };
		21D7FCCD13A1C7AA00CE0D46 /* GnTypeList.h */ = {isa = PBXFileReference; fileEncoding = 4; lastKnownFileType = sourcecode.c.h; path = GnTypeList.h; sourceTree = "<group>"; };
		21D7FCCE13A1C7AA00CE0D46 /* GnTypeManip.h */ = {isa = PBXFileReference; fileEncoding = 4; lastKnownFileType = sourcecode.c.h; path = GnTypeManip.h; sourceTree = "<group>"; };
		21D7FCCF13A1C7AA00CE0D46 /* GnTypeTraits.h */ = {isa = PBXFileReference; fileEncoding = 4; lastKnownFileType = sourcecode.c.h; path = GnTypeTraits.h; sourceTree = "<group>"; };
		21D7FCD013A1C7AA00CE0D46 /* GnWCharFunctions.cpp */ = {isa = PBXFileReference; fileEncoding = 4; lastKnownFileType = sourcecode.cpp.cpp; path = GnWCharFunctions.cpp; sourceTree = "<group>"; };
		21D7FCD113A1C7AA00CE0D46 /* GnWCharFunctions.h */ = {isa = PBXFileReference; fileEncoding = 4; lastKnownFileType = sourcecode.c.h; path = GnWCharFunctions.h; sourceTree = "<group>"; };
/* End PBXFileReference section */

/* Begin PBXFrameworksBuildPhase section */
		21D7FC5113A19E6900CE0D46 /* Frameworks */ = {
			isa = PBXFrameworksBuildPhase;
			buildActionMask = 2147483647;
			files = (
				21D7FC5813A19E6900CE0D46 /* Foundation.framework in Frameworks */,
			);
			runOnlyForDeploymentPostprocessing = 0;
		};
/* End PBXFrameworksBuildPhase section */

/* Begin PBXGroup section */
		21D7FC4913A19E6800CE0D46 = {
			isa = PBXGroup;
			children = (
				21D7FC5913A19E6900CE0D46 /* GnSystem */,
				21D7FC5613A19E6900CE0D46 /* Frameworks */,
				21D7FC5513A19E6900CE0D46 /* Products */,
			);
			sourceTree = "<group>";
		};
		21D7FC5513A19E6900CE0D46 /* Products */ = {
			isa = PBXGroup;
			children = (
				21D7FC5413A19E6900CE0D46 /* libGnSystem.a */,
			);
			name = Products;
			sourceTree = "<group>";
		};
		21D7FC5613A19E6900CE0D46 /* Frameworks */ = {
			isa = PBXGroup;
			children = (
				21D7FC5713A19E6900CE0D46 /* Foundation.framework */,
			);
			name = Frameworks;
			sourceTree = "<group>";
		};
		21D7FC5913A19E6900CE0D46 /* GnSystem */ = {
			isa = PBXGroup;
			children = (
				21D7FC9E13A1C7AA00CE0D46 /* Source */,
				21D7FC5A13A19E6900CE0D46 /* Supporting Files */,
			);
			path = GnSystem;
			sourceTree = "<group>";
		};
		21D7FC5A13A19E6900CE0D46 /* Supporting Files */ = {
			isa = PBXGroup;
			children = (
				21D7FC5B13A19E6900CE0D46 /* GnSystem-Prefix.pch */,
			);
			name = "Supporting Files";
			sourceTree = "<group>";
		};
		21D7FC9E13A1C7AA00CE0D46 /* Source */ = {
			isa = PBXGroup;
			children = (
				21D7FC9F13A1C7AA00CE0D46 /* GnBitwiseoperation.h */,
				21D7FCA113A1C7AA00CE0D46 /* GnAllocator.h */,
				21D7FCA213A1C7AA00CE0D46 /* GnCharFunctions.cpp */,
				21D7FCA313A1C7AA00CE0D46 /* GnCharFunctions.h */,
				21D7FCA413A1C7AA00CE0D46 /* GnCriticalSection.h */,
				21D7FCA513A1C7AA00CE0D46 /* GnDebug.cpp */,
				21D7FCA613A1C7AA00CE0D46 /* GnDebug.h */,
				21D7FCA713A1C7AA00CE0D46 /* GnDebugAllocator.cpp */,
				21D7FCA813A1C7AA00CE0D46 /* GnDebugAllocator.h */,
				21D7FCA913A1C7AA00CE0D46 /* GnFrameSkip.cpp */,
				21D7FCAA13A1C7AA00CE0D46 /* GnFrameSkip.h */,
				21D7FCAB13A1C7AA00CE0D46 /* GnList.h */,
				21D7FCAC13A1C7AA00CE0D46 /* GnLog.cpp */,
				21D7FCAD13A1C7AA00CE0D46 /* GnLog.h */,
				21D7FCAE13A1C7AA00CE0D46 /* GnMemoryDefine.cpp */,
				21D7FCAF13A1C7AA00CE0D46 /* GnMemoryDefine.h */,
				21D7FCB013A1C7AA00CE0D46 /* GnMemoryManager.cpp */,
				21D7FCB113A1C7AA00CE0D46 /* GnMemoryManager.h */,
				21D7FCB213A1C7AA00CE0D46 /* GnMemoryObject.cpp */,
				21D7FCB313A1C7AA00CE0D46 /* GnMemoryObject.h */,
				21D7FCB413A1C7AA00CE0D46 /* GnPath.cpp */,
				21D7FCB513A1C7AA00CE0D46 /* GnPath.h */,
				21D7FCB613A1C7AA00CE0D46 /* GnSimpleString.h */,
				21D7FCB713A1C7AA00CE0D46 /* GnSimpleTString.h */,
				21D7FCB813A1C7AA00CE0D46 /* GnSmartObject.h */,
				21D7FCB913A1C7AA00CE0D46 /* GnStandardAllocator.cpp */,
				21D7FCBA13A1C7AA00CE0D46 /* GnStandardAllocator.h */,
				21D7FCBB13A1C7AA00CE0D46 /* GnSystem.cpp */,
				21D7FCBC13A1C7AA00CE0D46 /* GnSystem.h */,
				21D7FCBD13A1C7AA00CE0D46 /* GnSystemDefine.h */,
				21D7FCBE13A1C7AA00CE0D46 /* GnSystemEBM.cpp */,
				21D7FCBF13A1C7AA00CE0D46 /* GnSystemEBM.h */,
				21D7FCC013A1C7AA00CE0D46 /* GnSystemLibType.h */,
				21D7FCC113A1C7AA00CE0D46 /* GnSystemPCH.cpp */,
				21D7FCC213A1C7AA00CE0D46 /* GnSystemPCH.h */,
				21D7FCC313A1C7AA00CE0D46 /* GnTAllocatorCollection.h */,
				21D7FCC413A1C7AA00CE0D46 /* GnTArray.h */,
				21D7FCC513A1C7AA00CE0D46 /* GnTCharFunctions.h */,
				21D7FCC613A1C7AA00CE0D46 /* GnTimer.cpp */,
				21D7FCC713A1C7AA00CE0D46 /* GnTimer.h */,
				21D7FCC813A1C7AA00CE0D46 /* GnTMap.h */,
				21D7FCC913A1C7AA00CE0D46 /* GnTOther.h */,
				21D7FCCA13A1C7AA00CE0D46 /* GnTSet.h */,
				21D7FCCB13A1C7AA00CE0D46 /* GnTSet.inl */,
				21D7FCCC13A1C7AA00CE0D46 /* GnTStringMap.h */,
				21D7FCCD13A1C7AA00CE0D46 /* GnTypeList.h */,
				21D7FCCE13A1C7AA00CE0D46 /* GnTypeManip.h */,
				21D7FCCF13A1C7AA00CE0D46 /* GnTypeTraits.h */,
				21D7FCD013A1C7AA00CE0D46 /* GnWCharFunctions.cpp */,
				21D7FCD113A1C7AA00CE0D46 /* GnWCharFunctions.h */,
			);
			name = Source;
			path = ../../../Source;
			sourceTree = "<group>";
		};
/* End PBXGroup section */

/* Begin PBXHeadersBuildPhase section */
		21D7FC5213A19E6900CE0D46 /* Headers */ = {
			isa = PBXHeadersBuildPhase;
			buildActionMask = 2147483647;
			files = (
				21D7FCD213A1C7AA00CE0D46 /* GnAllocator.h in Headers */,
				21D7FCD413A1C7AA00CE0D46 /* GnCharFunctions.h in Headers */,
				21D7FCD513A1C7AA00CE0D46 /* GnCriticalSection.h in Headers */,
				21D7FCD713A1C7AA00CE0D46 /* GnDebug.h in Headers */,
				21D7FCD913A1C7AA00CE0D46 /* GnDebugAllocator.h in Headers */,
				21D7FCDB13A1C7AA00CE0D46 /* GnFrameSkip.h in Headers */,
				21D7FCDC13A1C7AA00CE0D46 /* GnList.h in Headers */,
				21D7FCDE13A1C7AB00CE0D46 /* GnLog.h in Headers */,
				21D7FCE013A1C7AB00CE0D46 /* GnMemoryDefine.h in Headers */,
				21D7FCE213A1C7AB00CE0D46 /* GnMemoryManager.h in Headers */,
				21D7FCE413A1C7AB00CE0D46 /* GnMemoryObject.h in Headers */,
				21D7FCE613A1C7AB00CE0D46 /* GnPath.h in Headers */,
				21D7FCE713A1C7AB00CE0D46 /* GnSimpleString.h in Headers */,
				21D7FCE813A1C7AB00CE0D46 /* GnSimpleTString.h in Headers */,
				21D7FCE913A1C7AB00CE0D46 /* GnSmartObject.h in Headers */,
				21D7FCEB13A1C7AB00CE0D46 /* GnStandardAllocator.h in Headers */,
				21D7FCED13A1C7AB00CE0D46 /* GnSystem.h in Headers */,
				21D7FCEE13A1C7AB00CE0D46 /* GnSystemDefine.h in Headers */,
				21D7FCF013A1C7AB00CE0D46 /* GnSystemEBM.h in Headers */,
				21D7FCF113A1C7AB00CE0D46 /* GnSystemLibType.h in Headers */,
				21D7FCF313A1C7AB00CE0D46 /* GnSystemPCH.h in Headers */,
				21D7FCF413A1C7AB00CE0D46 /* GnTAllocatorCollection.h in Headers */,
				21D7FCF513A1C7AB00CE0D46 /* GnTArray.h in Headers */,
				21D7FCF613A1C7AB00CE0D46 /* GnTCharFunctions.h in Headers */,
				21D7FCF813A1C7AB00CE0D46 /* GnTimer.h in Headers */,
				21D7FCF913A1C7AB00CE0D46 /* GnTMap.h in Headers */,
				21D7FCFA13A1C7AB00CE0D46 /* GnTOther.h in Headers */,
				21D7FCFB13A1C7AB00CE0D46 /* GnTSet.h in Headers */,
				21D7FCFC13A1C7AB00CE0D46 /* GnTStringMap.h in Headers */,
				21D7FCFD13A1C7AB00CE0D46 /* GnTypeList.h in Headers */,
				21D7FCFE13A1C7AB00CE0D46 /* GnTypeManip.h in Headers */,
				21D7FCFF13A1C7AB00CE0D46 /* GnTypeTraits.h in Headers */,
				21D7FD0113A1C7AB00CE0D46 /* GnWCharFunctions.h in Headers */,
			);
			runOnlyForDeploymentPostprocessing = 0;
		};
/* End PBXHeadersBuildPhase section */

/* Begin PBXNativeTarget section */
		21D7FC5313A19E6900CE0D46 /* GnSystem */ = {
			isa = PBXNativeTarget;
			buildConfigurationList = 21D7FC5E13A19E6900CE0D46 /* Build configuration list for PBXNativeTarget "GnSystem" */;
			buildPhases = (
				21D7FC5013A19E6900CE0D46 /* Sources */,
				21D7FC5113A19E6900CE0D46 /* Frameworks */,
				21D7FC5213A19E6900CE0D46 /* Headers */,
				21D7FC9213A19FFF00CE0D46 /* ShellScript */,
			);
			buildRules = (
			);
			dependencies = (
			);
			name = GnSystem;
			productName = GnSystem;
			productReference = 21D7FC5413A19E6900CE0D46 /* libGnSystem.a */;
			productType = "com.apple.product-type.library.static";
		};
/* End PBXNativeTarget section */

/* Begin PBXProject section */
		21D7FC4B13A19E6800CE0D46 /* Project object */ = {
			isa = PBXProject;
			buildConfigurationList = 21D7FC4E13A19E6800CE0D46 /* Build configuration list for PBXProject "GnSystem" */;
			compatibilityVersion = "Xcode 3.2";
			developmentRegion = English;
			hasScannedForEncodings = 0;
			knownRegions = (
				en,
			);
			mainGroup = 21D7FC4913A19E6800CE0D46;
			productRefGroup = 21D7FC5513A19E6900CE0D46 /* Products */;
			projectDirPath = "";
			projectRoot = "";
			targets = (
				21D7FC5313A19E6900CE0D46 /* GnSystem */,
			);
		};
/* End PBXProject section */

/* Begin PBXShellScriptBuildPhase section */
		21D7FC9213A19FFF00CE0D46 /* ShellScript */ = {
			isa = PBXShellScriptBuildPhase;
			buildActionMask = 2147483647;
			files = (
			);
			inputPaths = (
			);
			outputPaths = (
			);
			runOnlyForDeploymentPostprocessing = 0;
			shellPath = /bin/sh;
			shellScript = "export SDK_FOLDER=\"../../../../../../SDK\"\n/bin/sh ../../../../../Builder/XCode4/CopyHeader.sh";
		};
/* End PBXShellScriptBuildPhase section */

/* Begin PBXSourcesBuildPhase section */
		21D7FC5013A19E6900CE0D46 /* Sources */ = {
			isa = PBXSourcesBuildPhase;
			buildActionMask = 2147483647;
			files = (
				21D7FCD313A1C7AA00CE0D46 /* GnCharFunctions.cpp in Sources */,
				21D7FCD613A1C7AA00CE0D46 /* GnDebug.cpp in Sources */,
				21D7FCD813A1C7AA00CE0D46 /* GnDebugAllocator.cpp in Sources */,
				21D7FCDA13A1C7AA00CE0D46 /* GnFrameSkip.cpp in Sources */,
				21D7FCDD13A1C7AB00CE0D46 /* GnLog.cpp in Sources */,
				21D7FCDF13A1C7AB00CE0D46 /* GnMemoryDefine.cpp in Sources */,
				21D7FCE113A1C7AB00CE0D46 /* GnMemoryManager.cpp in Sources */,
				21D7FCE313A1C7AB00CE0D46 /* GnMemoryObject.cpp in Sources */,
				21D7FCE513A1C7AB00CE0D46 /* GnPath.cpp in Sources */,
				21D7FCEA13A1C7AB00CE0D46 /* GnStandardAllocator.cpp in Sources */,
				21D7FCEC13A1C7AB00CE0D46 /* GnSystem.cpp in Sources */,
				21D7FCEF13A1C7AB00CE0D46 /* GnSystemEBM.cpp in Sources */,
				21D7FCF213A1C7AB00CE0D46 /* GnSystemPCH.cpp in Sources */,
				21D7FCF713A1C7AB00CE0D46 /* GnTimer.cpp in Sources */,
				21D7FD0013A1C7AB00CE0D46 /* GnWCharFunctions.cpp in Sources */,
			);
			runOnlyForDeploymentPostprocessing = 0;
		};
/* End PBXSourcesBuildPhase section */

/* Begin PBXVariantGroup section */
		21D7FC9F13A1C7AA00CE0D46 /* GnBitwiseoperation.h */ = {
			isa = PBXVariantGroup;
			children = (
				21D7FCA013A1C7AA00CE0D46 /* en */,
			);
			name = GnBitwiseoperation.h;
			sourceTree = "<group>";
		};
/* End PBXVariantGroup section */

/* Begin XCBuildConfiguration section */
		21D7FC5C13A19E6900CE0D46 /* Debug */ = {
			isa = XCBuildConfiguration;
			buildSettings = {
				ALWAYS_SEARCH_USER_PATHS = NO;
				ARCHS = "$(ARCHS_STANDARD_32_BIT)";
				COPY_PHASE_STRIP = NO;
				GCC_C_LANGUAGE_STANDARD = gnu99;
				GCC_DYNAMIC_NO_PIC = NO;
				GCC_OPTIMIZATION_LEVEL = 0;
				GCC_PREPROCESSOR_DEFINITIONS = (
					"DEBUG=1",
					"$(inherited)",
				);
				GCC_SYMBOLS_PRIVATE_EXTERN = NO;
				GCC_VERSION = com.apple.compilers.llvmgcc42;
				GCC_WARN_ABOUT_MISSING_PROTOTYPES = YES;
				GCC_WARN_ABOUT_RETURN_TYPE = YES;
				GCC_WARN_UNUSED_VARIABLE = YES;
				IPHONEOS_DEPLOYMENT_TARGET = 4.3;
				SDKROOT = iphoneos;
			};
			name = Debug;
		};
		21D7FC5D13A19E6900CE0D46 /* Release */ = {
			isa = XCBuildConfiguration;
			buildSettings = {
				ALWAYS_SEARCH_USER_PATHS = NO;
				ARCHS = "$(ARCHS_STANDARD_32_BIT)";
				COPY_PHASE_STRIP = YES;
				GCC_C_LANGUAGE_STANDARD = gnu99;
				GCC_VERSION = com.apple.compilers.llvmgcc42;
				GCC_WARN_ABOUT_MISSING_PROTOTYPES = YES;
				GCC_WARN_ABOUT_RETURN_TYPE = YES;
				GCC_WARN_UNUSED_VARIABLE = YES;
				IPHONEOS_DEPLOYMENT_TARGET = 4.3;
				SDKROOT = iphoneos;
				VALIDATE_PRODUCT = YES;
			};
			name = Release;
		};
		21D7FC5F13A19E6900CE0D46 /* Debug */ = {
			isa = XCBuildConfiguration;
			buildSettings = {
				DSTROOT = /tmp/GnSystem.dst;
				GCC_PRECOMPILE_PREFIX_HEADER = YES;
				GCC_PREFIX_HEADER = "GnSystem/GnSystem-Prefix.pch";
				GCC_PREPROCESSOR_DEFINITIONS = (
					GNDEBUG,
					"DEBUG=1",
					"$(inherited)",
				);
				GCC_WARN_UNUSED_VARIABLE = YES;
				OTHER_LDFLAGS = "-ObjC";
				PRODUCT_NAME = "$(TARGET_NAME)";
				SKIP_INSTALL = YES;
			};
			name = Debug;
		};
		21D7FC6013A19E6900CE0D46 /* Release */ = {
			isa = XCBuildConfiguration;
			buildSettings = {
				DSTROOT = /tmp/GnSystem.dst;
				GCC_PRECOMPILE_PREFIX_HEADER = YES;
				GCC_PREFIX_HEADER = "GnSystem/GnSystem-Prefix.pch";
				GCC_PREPROCESSOR_DEFINITIONS = "GNRELEASE=1";
				GCC_WARN_UNUSED_VARIABLE = YES;
				OTHER_LDFLAGS = "-ObjC";
				PRODUCT_NAME = "$(TARGET_NAME)";
				SKIP_INSTALL = YES;
			};
			name = Release;
		};
		21D7FC9313A1A0C600CE0D46 /* Log */ = {
			isa = XCBuildConfiguration;
			buildSettings = {
				ALWAYS_SEARCH_USER_PATHS = NO;
				ARCHS = "$(ARCHS_STANDARD_32_BIT)";
				COPY_PHASE_STRIP = YES;
				GCC_C_LANGUAGE_STANDARD = gnu99;
				GCC_VERSION = com.apple.compilers.llvmgcc42;
				GCC_WARN_ABOUT_MISSING_PROTOTYPES = YES;
				GCC_WARN_ABOUT_RETURN_TYPE = YES;
				GCC_WARN_UNUSED_VARIABLE = YES;
				IPHONEOS_DEPLOYMENT_TARGET = 4.3;
				SDKROOT = iphoneos;
				VALIDATE_PRODUCT = YES;
			};
			name = Log;
		};
		21D7FC9413A1A0C600CE0D46 /* Log */ = {
			isa = XCBuildConfiguration;
			buildSettings = {
				DSTROOT = /tmp/GnSystem.dst;
				GCC_PRECOMPILE_PREFIX_HEADER = YES;
				GCC_PREFIX_HEADER = "GnSystem/GnSystem-Prefix.pch";
				GCC_PREPROCESSOR_DEFINITIONS = "GNLOG=1";
				GCC_WARN_UNUSED_VARIABLE = YES;
				OTHER_LDFLAGS = "-ObjC";
				PRODUCT_NAME = "$(TARGET_NAME)";
				SKIP_INSTALL = YES;
			};
			name = Log;
		};
/* End XCBuildConfiguration section */

/* Begin XCConfigurationList section */
		21D7FC4E13A19E6800CE0D46 /* Build configuration list for PBXProject "GnSystem" */ = {
			isa = XCConfigurationList;
			buildConfigurations = (
				21D7FC5C13A19E6900CE0D46 /* Debug */,
				21D7FC5D13A19E6900CE0D46 /* Release */,
				21D7FC9313A1A0C600CE0D46 /* Log */,
			);
			defaultConfigurationIsVisible = 0;
			defaultConfigurationName = Release;
		};
		21D7FC5E13A19E6900CE0D46 /* Build configuration list for PBXNativeTarget "GnSystem" */ = {
			isa = XCConfigurationList;
			buildConfigurations = (
				21D7FC5F13A19E6900CE0D46 /* Debug */,
				21D7FC6013A19E6900CE0D46 /* Release */,
				21D7FC9413A1A0C600CE0D46 /* Log */,
			);
			defaultConfigurationIsVisible = 0;
		};
/* End XCConfigurationList section */
	};
	rootObject = 21D7FC4B13A19E6800CE0D46 /* Project object */;
}
