// !$*UTF8*$!
{
	archiveVersion = 1;
	classes = {
	};
	objectVersion = 46;
	objects = {

/* Begin PBXBuildFile section */
		2102220713DA7A4C003B68D5 /* libsqlite3.dylib in Frameworks */ = {isa = PBXBuildFile; fileRef = 2102220613DA7A4C003B68D5 /* libsqlite3.dylib */; };
		212527DF13E3DA6700BF800B /* GStateScene.cpp in Sources */ = {isa = PBXBuildFile; fileRef = 212527DE13E3DA6700BF800B /* GStateScene.cpp */; };
		212FB7EE13B5AC7500F2F597 /* ActorInfo.sqlite in Resources */ = {isa = PBXBuildFile; fileRef = 212FB7ED13B5AC7500F2F597 /* ActorInfo.sqlite */; };
		2132815D13F02CC200DA1EB8 /* UserHaveItem.sqlite in Resources */ = {isa = PBXBuildFile; fileRef = 2132815C13F02CC200DA1EB8 /* UserHaveItem.sqlite */; };
		2164AE0213DD65AA007617BE /* GSelectStageScene.cpp in Sources */ = {isa = PBXBuildFile; fileRef = 2164AE0113DD65AA007617BE /* GSelectStageScene.cpp */; };
		2176019413A4E5A600A85384 /* Data in Resources */ = {isa = PBXBuildFile; fileRef = 2176019313A4E5A600A85384 /* Data */; };
		218961FA13A6D9290074237B /* GGameScene.cpp in Sources */ = {isa = PBXBuildFile; fileRef = 218961F913A6D9280074237B /* GGameScene.cpp */; };
		2189620313A719FA0074237B /* GSceneSelector.cpp in Sources */ = {isa = PBXBuildFile; fileRef = 2189620213A719FA0074237B /* GSceneSelector.cpp */; };
		218B717913A8D96C00730D9F /* HiroCatDirector.cpp in Sources */ = {isa = PBXBuildFile; fileRef = 218B717813A8D96C00730D9F /* HiroCatDirector.cpp */; };
		21BEEF4F13EE658A0045AF23 /* ItemInfo.sqlite in Resources */ = {isa = PBXBuildFile; fileRef = 21BEEF4D13EE658A0045AF23 /* ItemInfo.sqlite */; };
		21BEEF5013EE658A0045AF23 /* StageInfo.sqlite in Resources */ = {isa = PBXBuildFile; fileRef = 21BEEF4E13EE658A0045AF23 /* StageInfo.sqlite */; };
		21C957EE13AB4DFF00978181 /* template.lst in Resources */ = {isa = PBXBuildFile; fileRef = 21C957ED13AB4DFF00978181 /* template.lst */; };
		21CDBAC813A4B57600BEF1DA /* UIKit.framework in Frameworks */ = {isa = PBXBuildFile; fileRef = 21CDBAC713A4B57600BEF1DA /* UIKit.framework */; };
		21CDBACA13A4B57600BEF1DA /* Foundation.framework in Frameworks */ = {isa = PBXBuildFile; fileRef = 21CDBAC913A4B57600BEF1DA /* Foundation.framework */; };
		21CDBACC13A4B57600BEF1DA /* CoreGraphics.framework in Frameworks */ = {isa = PBXBuildFile; fileRef = 21CDBACB13A4B57600BEF1DA /* CoreGraphics.framework */; };
		21CDBACE13A4B57600BEF1DA /* QuartzCore.framework in Frameworks */ = {isa = PBXBuildFile; fileRef = 21CDBACD13A4B57600BEF1DA /* QuartzCore.framework */; };
		21CDBAD013A4B57600BEF1DA /* OpenGLES.framework in Frameworks */ = {isa = PBXBuildFile; fileRef = 21CDBACF13A4B57600BEF1DA /* OpenGLES.framework */; };
		21CDBB0113A4B72B00BEF1DA /* AppController.mm in Sources */ = {isa = PBXBuildFile; fileRef = 21CDBAFE13A4B72B00BEF1DA /* AppController.mm */; };
		21CDBB0213A4B72B00BEF1DA /* RootViewController.mm in Sources */ = {isa = PBXBuildFile; fileRef = 21CDBB0013A4B72B00BEF1DA /* RootViewController.mm */; };
		21CDBB1513A4B77400BEF1DA /* CloseNormal.png in Resources */ = {isa = PBXBuildFile; fileRef = 21CDBB0F13A4B77400BEF1DA /* CloseNormal.png */; };
		21CDBB1613A4B77400BEF1DA /* CloseSelected.png in Resources */ = {isa = PBXBuildFile; fileRef = 21CDBB1013A4B77400BEF1DA /* CloseSelected.png */; };
		21CDBB1713A4B77400BEF1DA /* HelloWorld.png in Resources */ = {isa = PBXBuildFile; fileRef = 21CDBB1113A4B77400BEF1DA /* HelloWorld.png */; };
		21CDBB1813A4B77400BEF1DA /* Icon.png in Resources */ = {isa = PBXBuildFile; fileRef = 21CDBB1213A4B77400BEF1DA /* Icon.png */; };
		21CDBB2613A4BB9800BEF1DA /* libxml2.dylib in Frameworks */ = {isa = PBXBuildFile; fileRef = 21CDBB2513A4BB9800BEF1DA /* libxml2.dylib */; };
		21CDBB2813A4BBAA00BEF1DA /* libz.dylib in Frameworks */ = {isa = PBXBuildFile; fileRef = 21CDBB2713A4BBAA00BEF1DA /* libz.dylib */; };
		21E1822E13A8826D00025FA4 /* HiroCatApplication.mm in Sources */ = {isa = PBXBuildFile; fileRef = 21E1822D13A8826D00025FA4 /* HiroCatApplication.mm */; };
		21E426BD13A6267100ECD28F /* GStartScene.cpp in Sources */ = {isa = PBXBuildFile; fileRef = 21E426BB13A6267000ECD28F /* GStartScene.cpp */; };
/* End PBXBuildFile section */

/* Begin PBXContainerItemProxy section */
		2164978E13B780BE0023E03A /* PBXContainerItemProxy */ = {
			isa = PBXContainerItemProxy;
			containerPortal = 217601D613A5048900A85384 /* Core.xcodeproj */;
			proxyType = 1;
			remoteGlobalIDString = 21D7FDF813A1FA1500CE0D46;
			remoteInfo = GnMesh;
		};
		217601DF13A5048900A85384 /* PBXContainerItemProxy */ = {
			isa = PBXContainerItemProxy;
			containerPortal = 217601D613A5048900A85384 /* Core.xcodeproj */;
			proxyType = 2;
			remoteGlobalIDString = 21D7FDE113A1F9F500CE0D46;
			remoteInfo = GnSystem;
		};
		217601E113A5048900A85384 /* PBXContainerItemProxy */ = {
			isa = PBXContainerItemProxy;
			containerPortal = 217601D613A5048900A85384 /* Core.xcodeproj */;
			proxyType = 2;
			remoteGlobalIDString = 21D7FDED13A1FA0800CE0D46;
			remoteInfo = GnMain;
		};
		217601E313A5048900A85384 /* PBXContainerItemProxy */ = {
			isa = PBXContainerItemProxy;
			containerPortal = 217601D613A5048900A85384 /* Core.xcodeproj */;
			proxyType = 2;
			remoteGlobalIDString = 21D7FDF913A1FA1500CE0D46;
			remoteInfo = GnMesh;
		};
		21E426AE13A5F8C400ECD28F /* PBXContainerItemProxy */ = {
			isa = PBXContainerItemProxy;
			containerPortal = 21E426A713A5F8C400ECD28F /* Cocos2d.xcodeproj */;
			proxyType = 2;
			remoteGlobalIDString = 2148B5EB13A3204C00E0BD1B;
			remoteInfo = Cocos2d;
		};
/* End PBXContainerItemProxy section */

/* Begin PBXFileReference section */
		2102220613DA7A4C003B68D5 /* libsqlite3.dylib */ = {isa = PBXFileReference; lastKnownFileType = "compiled.mach-o.dylib"; name = libsqlite3.dylib; path = usr/lib/libsqlite3.dylib; sourceTree = SDKROOT; };
		212527DD13E3DA5D00BF800B /* GStateScene.h */ = {isa = PBXFileReference; fileEncoding = 4; lastKnownFileType = sourcecode.c.h; path = GStateScene.h; sourceTree = "<group>"; };
		212527DE13E3DA6700BF800B /* GStateScene.cpp */ = {isa = PBXFileReference; fileEncoding = 4; lastKnownFileType = sourcecode.cpp.cpp; path = GStateScene.cpp; sourceTree = "<group>"; };
		212FB7ED13B5AC7500F2F597 /* ActorInfo.sqlite */ = {isa = PBXFileReference; lastKnownFileType = file; path = ActorInfo.sqlite; sourceTree = "<group>"; };
		2132815C13F02CC200DA1EB8 /* UserHaveItem.sqlite */ = {isa = PBXFileReference; fileEncoding = 4; lastKnownFileType = text; path = UserHaveItem.sqlite; sourceTree = "<group>"; };
		2164AE0013DD659C007617BE /* GSelectStageScene.h */ = {isa = PBXFileReference; fileEncoding = 4; lastKnownFileType = sourcecode.c.h; path = GSelectStageScene.h; sourceTree = "<group>"; };
		2164AE0113DD65AA007617BE /* GSelectStageScene.cpp */ = {isa = PBXFileReference; fileEncoding = 4; lastKnownFileType = sourcecode.cpp.cpp; path = GSelectStageScene.cpp; sourceTree = "<group>"; };
		2176019313A4E5A600A85384 /* Data */ = {isa = PBXFileReference; lastKnownFileType = folder; path = Data; sourceTree = "<group>"; };
		217601D613A5048900A85384 /* Core.xcodeproj */ = {isa = PBXFileReference; lastKnownFileType = "wrapper.pb-project"; name = Core.xcodeproj; path = ../../Engine/Builder/XCode4/Core/Core.xcodeproj; sourceTree = "<group>"; };
		218961F813A6D91B0074237B /* GGameScene.h */ = {isa = PBXFileReference; fileEncoding = 4; lastKnownFileType = sourcecode.c.h; path = GGameScene.h; sourceTree = "<group>"; };
		218961F913A6D9280074237B /* GGameScene.cpp */ = {isa = PBXFileReference; fileEncoding = 4; lastKnownFileType = sourcecode.cpp.cpp; lineEnding = 2; path = GGameScene.cpp; sourceTree = "<group>"; xcLanguageSpecificationIdentifier = xcode.lang.cpp; };
		218961FF13A706AF0074237B /* GSceneSelector.h */ = {isa = PBXFileReference; fileEncoding = 4; lastKnownFileType = sourcecode.c.h; path = GSceneSelector.h; sourceTree = "<group>"; };
		2189620213A719FA0074237B /* GSceneSelector.cpp */ = {isa = PBXFileReference; fileEncoding = 4; lastKnownFileType = sourcecode.cpp.cpp; lineEnding = 2; path = GSceneSelector.cpp; sourceTree = "<group>"; xcLanguageSpecificationIdentifier = xcode.lang.cpp; };
		218B717713A8D92F00730D9F /* HiroCatDirector.h */ = {isa = PBXFileReference; fileEncoding = 4; lastKnownFileType = sourcecode.c.h; name = HiroCatDirector.h; path = ../../Source/HiroCatDirector.h; sourceTree = "<group>"; };
		218B717813A8D96C00730D9F /* HiroCatDirector.cpp */ = {isa = PBXFileReference; fileEncoding = 4; lastKnownFileType = sourcecode.cpp.cpp; lineEnding = 2; name = HiroCatDirector.cpp; path = ../../Source/HiroCatDirector.cpp; sourceTree = "<group>"; xcLanguageSpecificationIdentifier = xcode.lang.cpp; };
		21BEEF4D13EE658A0045AF23 /* ItemInfo.sqlite */ = {isa = PBXFileReference; lastKnownFileType = file; path = ItemInfo.sqlite; sourceTree = "<group>"; };
		21BEEF4E13EE658A0045AF23 /* StageInfo.sqlite */ = {isa = PBXFileReference; fileEncoding = 4; lastKnownFileType = text; path = StageInfo.sqlite; sourceTree = "<group>"; };
		21C89C5213A5F3FC00507155 /* GamePCH.h */ = {isa = PBXFileReference; fileEncoding = 4; lastKnownFileType = sourcecode.c.h; path = GamePCH.h; sourceTree = "<group>"; };
		21C89C5313A5F61A00507155 /* GGameEBM.h */ = {isa = PBXFileReference; fileEncoding = 4; lastKnownFileType = sourcecode.c.h; path = GGameEBM.h; sourceTree = "<group>"; };
		21C957ED13AB4DFF00978181 /* template.lst */ = {isa = PBXFileReference; fileEncoding = 7; lastKnownFileType = text; path = template.lst; sourceTree = "<group>"; };
		21CDBAC313A4B57600BEF1DA /* HiroCat.app */ = {isa = PBXFileReference; explicitFileType = wrapper.application; includeInIndex = 0; path = HiroCat.app; sourceTree = BUILT_PRODUCTS_DIR; };
		21CDBAC713A4B57600BEF1DA /* UIKit.framework */ = {isa = PBXFileReference; lastKnownFileType = wrapper.framework; name = UIKit.framework; path = System/Library/Frameworks/UIKit.framework; sourceTree = SDKROOT; };
		21CDBAC913A4B57600BEF1DA /* Foundation.framework */ = {isa = PBXFileReference; lastKnownFileType = wrapper.framework; name = Foundation.framework; path = System/Library/Frameworks/Foundation.framework; sourceTree = SDKROOT; };
		21CDBACB13A4B57600BEF1DA /* CoreGraphics.framework */ = {isa = PBXFileReference; lastKnownFileType = wrapper.framework; name = CoreGraphics.framework; path = System/Library/Frameworks/CoreGraphics.framework; sourceTree = SDKROOT; };
		21CDBACD13A4B57600BEF1DA /* QuartzCore.framework */ = {isa = PBXFileReference; lastKnownFileType = wrapper.framework; name = QuartzCore.framework; path = System/Library/Frameworks/QuartzCore.framework; sourceTree = SDKROOT; };
		21CDBACF13A4B57600BEF1DA /* OpenGLES.framework */ = {isa = PBXFileReference; lastKnownFileType = wrapper.framework; name = OpenGLES.framework; path = System/Library/Frameworks/OpenGLES.framework; sourceTree = SDKROOT; };
		21CDBAD313A4B57600BEF1DA /* HiroCat-Info.plist */ = {isa = PBXFileReference; lastKnownFileType = text.plist.xml; lineEnding = 0; name = "HiroCat-Info.plist"; path = "../Xcode4/HiroCat/HiroCat-Info.plist"; sourceTree = "<group>"; };
		21CDBAD513A4B57600BEF1DA /* en */ = {isa = PBXFileReference; lastKnownFileType = text.plist.strings; name = en; path = en.lproj/InfoPlist.strings; sourceTree = "<group>"; };
		21CDBAD913A4B57600BEF1DA /* HiroCat-Prefix.pch */ = {isa = PBXFileReference; lastKnownFileType = sourcecode.c.h; path = "HiroCat-Prefix.pch"; sourceTree = "<group>"; };
		21CDBAFD13A4B72B00BEF1DA /* AppController.h */ = {isa = PBXFileReference; fileEncoding = 4; lastKnownFileType = sourcecode.c.h; path = AppController.h; sourceTree = SOURCE_ROOT; };
		21CDBAFE13A4B72B00BEF1DA /* AppController.mm */ = {isa = PBXFileReference; fileEncoding = 4; lastKnownFileType = sourcecode.cpp.objcpp; path = AppController.mm; sourceTree = SOURCE_ROOT; };
		21CDBAFF13A4B72B00BEF1DA /* RootViewController.h */ = {isa = PBXFileReference; fileEncoding = 4; lastKnownFileType = sourcecode.c.h; path = RootViewController.h; sourceTree = SOURCE_ROOT; };
		21CDBB0013A4B72B00BEF1DA /* RootViewController.mm */ = {isa = PBXFileReference; fileEncoding = 4; lastKnownFileType = sourcecode.cpp.objcpp; path = RootViewController.mm; sourceTree = SOURCE_ROOT; };
		21CDBB0D13A4B77400BEF1DA /* app.config.txt */ = {isa = PBXFileReference; fileEncoding = 4; lastKnownFileType = text; path = app.config.txt; sourceTree = "<group>"; };
		21CDBB0F13A4B77400BEF1DA /* CloseNormal.png */ = {isa = PBXFileReference; lastKnownFileType = image.png; path = CloseNormal.png; sourceTree = "<group>"; };
		21CDBB1013A4B77400BEF1DA /* CloseSelected.png */ = {isa = PBXFileReference; lastKnownFileType = image.png; path = CloseSelected.png; sourceTree = "<group>"; };
		21CDBB1113A4B77400BEF1DA /* HelloWorld.png */ = {isa = PBXFileReference; lastKnownFileType = image.png; path = HelloWorld.png; sourceTree = "<group>"; };
		21CDBB1213A4B77400BEF1DA /* Icon.png */ = {isa = PBXFileReference; lastKnownFileType = image.png; path = Icon.png; sourceTree = "<group>"; };
		21CDBB2513A4BB9800BEF1DA /* libxml2.dylib */ = {isa = PBXFileReference; lastKnownFileType = "compiled.mach-o.dylib"; name = libxml2.dylib; path = usr/lib/libxml2.dylib; sourceTree = SDKROOT; };
		21CDBB2713A4BBAA00BEF1DA /* libz.dylib */ = {isa = PBXFileReference; lastKnownFileType = "compiled.mach-o.dylib"; name = libz.dylib; path = usr/lib/libz.dylib; sourceTree = SDKROOT; };
		21E1822C13A8826D00025FA4 /* HiroCatApplication.h */ = {isa = PBXFileReference; fileEncoding = 4; lastKnownFileType = sourcecode.c.h; path = HiroCatApplication.h; sourceTree = "<group>"; };
		21E1822D13A8826D00025FA4 /* HiroCatApplication.mm */ = {isa = PBXFileReference; fileEncoding = 4; lastKnownFileType = sourcecode.cpp.objcpp; path = HiroCatApplication.mm; sourceTree = "<group>"; };
		21E426A713A5F8C400ECD28F /* Cocos2d.xcodeproj */ = {isa = PBXFileReference; lastKnownFileType = "wrapper.pb-project"; name = Cocos2d.xcodeproj; path = ../../Engine/Project/ThirdParty/Cocos2d/Cocos2d.xcodeproj; sourceTree = "<group>"; };
		21E426BB13A6267000ECD28F /* GStartScene.cpp */ = {isa = PBXFileReference; fileEncoding = 4; lastKnownFileType = sourcecode.cpp.cpp; lineEnding = 2; path = GStartScene.cpp; sourceTree = "<group>"; xcLanguageSpecificationIdentifier = xcode.lang.cpp; };
		21E426BC13A6267000ECD28F /* GStartScene.h */ = {isa = PBXFileReference; fileEncoding = 4; lastKnownFileType = sourcecode.c.h; path = GStartScene.h; sourceTree = "<group>"; };
/* End PBXFileReference section */

/* Begin PBXFrameworksBuildPhase section */
		21CDBAC013A4B57600BEF1DA /* Frameworks */ = {
			isa = PBXFrameworksBuildPhase;
			buildActionMask = 2147483647;
			files = (
				2102220713DA7A4C003B68D5 /* libsqlite3.dylib in Frameworks */,
				21CDBB2813A4BBAA00BEF1DA /* libz.dylib in Frameworks */,
				21CDBB2613A4BB9800BEF1DA /* libxml2.dylib in Frameworks */,
				21CDBAC813A4B57600BEF1DA /* UIKit.framework in Frameworks */,
				21CDBACA13A4B57600BEF1DA /* Foundation.framework in Frameworks */,
				21CDBACC13A4B57600BEF1DA /* CoreGraphics.framework in Frameworks */,
				21CDBACE13A4B57600BEF1DA /* QuartzCore.framework in Frameworks */,
				21CDBAD013A4B57600BEF1DA /* OpenGLES.framework in Frameworks */,
			);
			runOnlyForDeploymentPostprocessing = 0;
		};
/* End PBXFrameworksBuildPhase section */

/* Begin PBXGroup section */
		217601D713A5048900A85384 /* Products */ = {
			isa = PBXGroup;
			children = (
				217601E013A5048900A85384 /* libGnSystem.a */,
				217601E213A5048900A85384 /* libGnMain.a */,
				217601E413A5048900A85384 /* libGnMesh.a */,
			);
			name = Products;
			sourceTree = "<group>";
		};
		21CDBAB813A4B57500BEF1DA = {
			isa = PBXGroup;
			children = (
				21CDBAD113A4B57600BEF1DA /* HiroCat */,
				21CDBAC613A4B57600BEF1DA /* Frameworks */,
				21CDBAC413A4B57600BEF1DA /* Products */,
				21E426A713A5F8C400ECD28F /* Cocos2d.xcodeproj */,
				217601D613A5048900A85384 /* Core.xcodeproj */,
			);
			sourceTree = "<group>";
		};
		21CDBAC413A4B57600BEF1DA /* Products */ = {
			isa = PBXGroup;
			children = (
				21CDBAC313A4B57600BEF1DA /* HiroCat.app */,
			);
			name = Products;
			sourceTree = "<group>";
		};
		21CDBAC613A4B57600BEF1DA /* Frameworks */ = {
			isa = PBXGroup;
			children = (
				21CDBB2713A4BBAA00BEF1DA /* libz.dylib */,
				2102220613DA7A4C003B68D5 /* libsqlite3.dylib */,
				21CDBB2513A4BB9800BEF1DA /* libxml2.dylib */,
				21CDBAC713A4B57600BEF1DA /* UIKit.framework */,
				21CDBAC913A4B57600BEF1DA /* Foundation.framework */,
				21CDBACB13A4B57600BEF1DA /* CoreGraphics.framework */,
				21CDBACD13A4B57600BEF1DA /* QuartzCore.framework */,
				21CDBACF13A4B57600BEF1DA /* OpenGLES.framework */,
			);
			name = Frameworks;
			sourceTree = "<group>";
		};
		21CDBAD113A4B57600BEF1DA /* HiroCat */ = {
			isa = PBXGroup;
			children = (
				21CDBB0C13A4B77400BEF1DA /* Resource */,
				21CDBB0313A4B73900BEF1DA /* ios */,
				21CDBB0513A4B75C00BEF1DA /* Source */,
			);
			path = HiroCat;
			sourceTree = "<group>";
		};
		21CDBB0313A4B73900BEF1DA /* ios */ = {
			isa = PBXGroup;
			children = (
				21CDBAD913A4B57600BEF1DA /* HiroCat-Prefix.pch */,
				21CDBAFF13A4B72B00BEF1DA /* RootViewController.h */,
				21CDBB0013A4B72B00BEF1DA /* RootViewController.mm */,
				21E1822F13A89A0100025FA4 /* HiroCat */,
			);
			name = ios;
			sourceTree = "<group>";
		};
		21CDBB0513A4B75C00BEF1DA /* Source */ = {
			isa = PBXGroup;
			children = (
				2189620213A719FA0074237B /* GSceneSelector.cpp */,
				218961FF13A706AF0074237B /* GSceneSelector.h */,
				218961F913A6D9280074237B /* GGameScene.cpp */,
				218961F813A6D91B0074237B /* GGameScene.h */,
				21E426BB13A6267000ECD28F /* GStartScene.cpp */,
				21E426BC13A6267000ECD28F /* GStartScene.h */,
				212527DE13E3DA6700BF800B /* GStateScene.cpp */,
				212527DD13E3DA5D00BF800B /* GStateScene.h */,
				2164AE0113DD65AA007617BE /* GSelectStageScene.cpp */,
				2164AE0013DD659C007617BE /* GSelectStageScene.h */,
				21C89C5213A5F3FC00507155 /* GamePCH.h */,
				21C89C5313A5F61A00507155 /* GGameEBM.h */,
			);
			name = Source;
			path = ../../Source;
			sourceTree = "<group>";
		};
		21CDBB0C13A4B77400BEF1DA /* Resource */ = {
			isa = PBXGroup;
			children = (
				2176019313A4E5A600A85384 /* Data */,
				21C957ED13AB4DFF00978181 /* template.lst */,
				212FB7ED13B5AC7500F2F597 /* ActorInfo.sqlite */,
				21BEEF4D13EE658A0045AF23 /* ItemInfo.sqlite */,
				21BEEF4E13EE658A0045AF23 /* StageInfo.sqlite */,
				2132815C13F02CC200DA1EB8 /* UserHaveItem.sqlite */,
				21CDBAD413A4B57600BEF1DA /* InfoPlist.strings */,
				21CDBAD313A4B57600BEF1DA /* HiroCat-Info.plist */,
				21CDBB0D13A4B77400BEF1DA /* app.config.txt */,
				21CDBB0F13A4B77400BEF1DA /* CloseNormal.png */,
				21CDBB1013A4B77400BEF1DA /* CloseSelected.png */,
				21CDBB1113A4B77400BEF1DA /* HelloWorld.png */,
				21CDBB1213A4B77400BEF1DA /* Icon.png */,
			);
			name = Resource;
			path = ../../Resource;
			sourceTree = "<group>";
		};
		21E1822F13A89A0100025FA4 /* HiroCat */ = {
			isa = PBXGroup;
			children = (
				21CDBAFD13A4B72B00BEF1DA /* AppController.h */,
				21CDBAFE13A4B72B00BEF1DA /* AppController.mm */,
				218B717813A8D96C00730D9F /* HiroCatDirector.cpp */,
				218B717713A8D92F00730D9F /* HiroCatDirector.h */,
				21E1822C13A8826D00025FA4 /* HiroCatApplication.h */,
				21E1822D13A8826D00025FA4 /* HiroCatApplication.mm */,
			);
			name = HiroCat;
			sourceTree = "<group>";
		};
		21E426A813A5F8C400ECD28F /* Products */ = {
			isa = PBXGroup;
			children = (
				21E426AF13A5F8C400ECD28F /* libCocos2d.a */,
			);
			name = Products;
			sourceTree = "<group>";
		};
/* End PBXGroup section */

/* Begin PBXNativeTarget section */
		21CDBAC213A4B57600BEF1DA /* HiroCat */ = {
			isa = PBXNativeTarget;
			buildConfigurationList = 21CDBAEF13A4B57600BEF1DA /* Build configuration list for PBXNativeTarget "HiroCat" */;
			buildPhases = (
				21CDBABF13A4B57600BEF1DA /* Sources */,
				21CDBAC013A4B57600BEF1DA /* Frameworks */,
				21CDBAC113A4B57600BEF1DA /* Resources */,
			);
			buildRules = (
			);
			dependencies = (
				2164978F13B780BE0023E03A /* PBXTargetDependency */,
			);
			name = HiroCat;
			productName = HiroCat;
			productReference = 21CDBAC313A4B57600BEF1DA /* HiroCat.app */;
			productType = "com.apple.product-type.application";
		};
/* End PBXNativeTarget section */

/* Begin PBXProject section */
		21CDBABA13A4B57500BEF1DA /* Project object */ = {
			isa = PBXProject;
			buildConfigurationList = 21CDBABD13A4B57500BEF1DA /* Build configuration list for PBXProject "HiroCat" */;
			compatibilityVersion = "Xcode 3.2";
			developmentRegion = English;
			hasScannedForEncodings = 0;
			knownRegions = (
				en,
			);
			mainGroup = 21CDBAB813A4B57500BEF1DA;
			productRefGroup = 21CDBAC413A4B57600BEF1DA /* Products */;
			projectDirPath = "";
			projectReferences = (
				{
					ProductGroup = 21E426A813A5F8C400ECD28F /* Products */;
					ProjectRef = 21E426A713A5F8C400ECD28F /* Cocos2d.xcodeproj */;
				},
				{
					ProductGroup = 217601D713A5048900A85384 /* Products */;
					ProjectRef = 217601D613A5048900A85384 /* Core.xcodeproj */;
				},
			);
			projectRoot = "";
			targets = (
				21CDBAC213A4B57600BEF1DA /* HiroCat */,
			);
		};
/* End PBXProject section */

/* Begin PBXReferenceProxy section */
		217601E013A5048900A85384 /* libGnSystem.a */ = {
			isa = PBXReferenceProxy;
			fileType = archive.ar;
			path = libGnSystem.a;
			remoteRef = 217601DF13A5048900A85384 /* PBXContainerItemProxy */;
			sourceTree = BUILT_PRODUCTS_DIR;
		};
		217601E213A5048900A85384 /* libGnMain.a */ = {
			isa = PBXReferenceProxy;
			fileType = archive.ar;
			path = libGnMain.a;
			remoteRef = 217601E113A5048900A85384 /* PBXContainerItemProxy */;
			sourceTree = BUILT_PRODUCTS_DIR;
		};
		217601E413A5048900A85384 /* libGnMesh.a */ = {
			isa = PBXReferenceProxy;
			fileType = archive.ar;
			path = libGnMesh.a;
			remoteRef = 217601E313A5048900A85384 /* PBXContainerItemProxy */;
			sourceTree = BUILT_PRODUCTS_DIR;
		};
		21E426AF13A5F8C400ECD28F /* libCocos2d.a */ = {
			isa = PBXReferenceProxy;
			fileType = archive.ar;
			path = libCocos2d.a;
			remoteRef = 21E426AE13A5F8C400ECD28F /* PBXContainerItemProxy */;
			sourceTree = BUILT_PRODUCTS_DIR;
		};
/* End PBXReferenceProxy section */

/* Begin PBXResourcesBuildPhase section */
		21CDBAC113A4B57600BEF1DA /* Resources */ = {
			isa = PBXResourcesBuildPhase;
			buildActionMask = 2147483647;
			files = (
				21CDBB1513A4B77400BEF1DA /* CloseNormal.png in Resources */,
				21CDBB1613A4B77400BEF1DA /* CloseSelected.png in Resources */,
				21CDBB1713A4B77400BEF1DA /* HelloWorld.png in Resources */,
				21CDBB1813A4B77400BEF1DA /* Icon.png in Resources */,
				2176019413A4E5A600A85384 /* Data in Resources */,
				21C957EE13AB4DFF00978181 /* template.lst in Resources */,
				212FB7EE13B5AC7500F2F597 /* ActorInfo.sqlite in Resources */,
				21BEEF4F13EE658A0045AF23 /* ItemInfo.sqlite in Resources */,
				21BEEF5013EE658A0045AF23 /* StageInfo.sqlite in Resources */,
				2132815D13F02CC200DA1EB8 /* UserHaveItem.sqlite in Resources */,
			);
			runOnlyForDeploymentPostprocessing = 0;
		};
/* End PBXResourcesBuildPhase section */

/* Begin PBXSourcesBuildPhase section */
		21CDBABF13A4B57600BEF1DA /* Sources */ = {
			isa = PBXSourcesBuildPhase;
			buildActionMask = 2147483647;
			files = (
				21CDBB0113A4B72B00BEF1DA /* AppController.mm in Sources */,
				21CDBB0213A4B72B00BEF1DA /* RootViewController.mm in Sources */,
				21E426BD13A6267100ECD28F /* GStartScene.cpp in Sources */,
				218961FA13A6D9290074237B /* GGameScene.cpp in Sources */,
				2189620313A719FA0074237B /* GSceneSelector.cpp in Sources */,
				21E1822E13A8826D00025FA4 /* HiroCatApplication.mm in Sources */,
				218B717913A8D96C00730D9F /* HiroCatDirector.cpp in Sources */,
				2164AE0213DD65AA007617BE /* GSelectStageScene.cpp in Sources */,
				212527DF13E3DA6700BF800B /* GStateScene.cpp in Sources */,
			);
			runOnlyForDeploymentPostprocessing = 0;
		};
/* End PBXSourcesBuildPhase section */

/* Begin PBXTargetDependency section */
		2164978F13B780BE0023E03A /* PBXTargetDependency */ = {
			isa = PBXTargetDependency;
			name = GnMesh;
			targetProxy = 2164978E13B780BE0023E03A /* PBXContainerItemProxy */;
		};
/* End PBXTargetDependency section */

/* Begin PBXVariantGroup section */
		21CDBAD413A4B57600BEF1DA /* InfoPlist.strings */ = {
			isa = PBXVariantGroup;
			children = (
				21CDBAD513A4B57600BEF1DA /* en */,
			);
			name = InfoPlist.strings;
			path = ../Xcode4/HiroCat;
			sourceTree = "<group>";
		};
/* End PBXVariantGroup section */

/* Begin XCBuildConfiguration section */
		2176019013A4D8A100A85384 /* Log */ = {
			isa = XCBuildConfiguration;
			buildSettings = {
				ALWAYS_SEARCH_USER_PATHS = NO;
				ARCHS = "$(ARCHS_STANDARD_32_BIT)";
				"CODE_SIGN_IDENTITY[sdk=iphoneos*]" = "iPhone Developer";
				COPY_PHASE_STRIP = YES;
				GCC_C_LANGUAGE_STANDARD = gnu99;
				GCC_PREPROCESSOR_DEFINITIONS = GNLOG;
				GCC_VERSION = com.apple.compilers.llvmgcc42;
				GCC_WARN_ABOUT_MISSING_PROTOTYPES = YES;
				GCC_WARN_ABOUT_RETURN_TYPE = YES;
				GCC_WARN_UNUSED_VARIABLE = YES;
				IPHONEOS_DEPLOYMENT_TARGET = 4.1;
				OTHER_CFLAGS = "-DNS_BLOCK_ASSERTIONS=1";
				SDKROOT = iphoneos;
				VALIDATE_PRODUCT = YES;
			};
			name = Log;
		};
		2176019113A4D8A100A85384 /* Log */ = {
			isa = XCBuildConfiguration;
			buildSettings = {
				EXECUTABLE_PREFIX = "";
				FRAMEWORK_SEARCH_PATHS = "";
				GCC_PRECOMPILE_PREFIX_HEADER = YES;
				GCC_PREFIX_HEADER = "HiroCat/HiroCat-Prefix.pch";
				GCC_PREPROCESSOR_DEFINITIONS = (
					USE_FILE32API,
					GL_GLEXT_PROTOTYPES,
					TARGET_OS_IPHONE,
					GNLOG,
				);
				GCC_PREPROCESSOR_DEFINITIONS_NOT_USED_IN_PRECOMPS = "";
				GCC_SYMBOLS_PRIVATE_EXTERN = NO;
				"GCC_THUMB_SUPPORT[arch=armv6]" = YES;
				GCC_VERSION = 4.2;
				HEADER_SEARCH_PATHS = (
					../../SDK/include,
					"../../SDK/include/cocos2d-x/cocos2dx/",
					"../../SDK/include/cocos2d-x/cocos2dx/include",
					"../../SDK/include/cocos2d-x/cocos2dx/platform",
					"../../SDK/include/cocos2d-x/cocos2dx/platform/ios",
					../,
					../../,
				);
				INCLUDED_RECURSIVE_SEARCH_PATH_SUBDIRECTORIES = "";
				INFOPLIST_FILE = "HiroCat/HiroCat-Info.plist";
				IPHONEOS_DEPLOYMENT_TARGET = 4.2;
				LD_RUNPATH_SEARCH_PATHS = "";
				LIBRARY_SEARCH_PATHS = "../../SDK/bin/Debug-iphonesimulator";
				New_Setting = "";
				ORDER_FILE = "";
				OTHER_LDFLAGS = "../../SDK/bin/Log-iphonesimulator/libCocos2d.a";
				OTHER_TEST_FLAGS = "";
				PRELINK_LIBS = "";
				PRODUCT_NAME = "$(TARGET_NAME)";
				TARGETED_DEVICE_FAMILY = "1,2";
				USER_HEADER_SEARCH_PATHS = "";
				VALID_ARCHS = "armv6 armv7";
				WARNING_LDFLAGS = "";
				WRAPPER_EXTENSION = app;
			};
			name = Log;
		};
		21CDBAED13A4B57600BEF1DA /* Debug */ = {
			isa = XCBuildConfiguration;
			buildSettings = {
				ALWAYS_SEARCH_USER_PATHS = NO;
				ARCHS = "$(ARCHS_STANDARD_32_BIT)";
				"CODE_SIGN_IDENTITY[sdk=iphoneos*]" = "iPhone Developer";
				COPY_PHASE_STRIP = NO;
				GCC_C_LANGUAGE_STANDARD = gnu99;
				GCC_DYNAMIC_NO_PIC = NO;
				GCC_OPTIMIZATION_LEVEL = 0;
				GCC_PREPROCESSOR_DEFINITIONS = (
					"DEBUG=1",
					"$(inherited)",
					GNDEBUG,
				);
				GCC_SYMBOLS_PRIVATE_EXTERN = YES;
				GCC_VERSION = com.apple.compilers.llvmgcc42;
				GCC_WARN_ABOUT_MISSING_PROTOTYPES = YES;
				GCC_WARN_ABOUT_RETURN_TYPE = YES;
				GCC_WARN_UNUSED_VARIABLE = YES;
				IPHONEOS_DEPLOYMENT_TARGET = 4.1;
				SDKROOT = iphoneos;
			};
			name = Debug;
		};
		21CDBAEE13A4B57600BEF1DA /* Release */ = {
			isa = XCBuildConfiguration;
			buildSettings = {
				ALWAYS_SEARCH_USER_PATHS = NO;
				ARCHS = "$(ARCHS_STANDARD_32_BIT)";
				"CODE_SIGN_IDENTITY[sdk=iphoneos*]" = "iPhone Developer";
				COPY_PHASE_STRIP = YES;
				GCC_C_LANGUAGE_STANDARD = gnu99;
				GCC_PREPROCESSOR_DEFINITIONS = GNRELEASE;
				GCC_VERSION = com.apple.compilers.llvmgcc42;
				GCC_WARN_ABOUT_MISSING_PROTOTYPES = YES;
				GCC_WARN_ABOUT_RETURN_TYPE = YES;
				GCC_WARN_UNUSED_VARIABLE = YES;
				IPHONEOS_DEPLOYMENT_TARGET = 4.1;
				OTHER_CFLAGS = "-DNS_BLOCK_ASSERTIONS=1";
				SDKROOT = iphoneos;
				VALIDATE_PRODUCT = YES;
			};
			name = Release;
		};
		21CDBAF013A4B57600BEF1DA /* Debug */ = {
			isa = XCBuildConfiguration;
			buildSettings = {
				EXECUTABLE_PREFIX = "";
				FRAMEWORK_SEARCH_PATHS = "";
				GCC_INLINES_ARE_PRIVATE_EXTERN = NO;
				GCC_PRECOMPILE_PREFIX_HEADER = YES;
				GCC_PREFIX_HEADER = "HiroCat/HiroCat-Prefix.pch";
				GCC_PREPROCESSOR_DEFINITIONS = (
					"DEBUG=1",
					USE_FILE32API,
					GL_GLEXT_PROTOTYPES,
					TARGET_OS_IPHONE,
					GNDEBUG,
				);
				GCC_PREPROCESSOR_DEFINITIONS_NOT_USED_IN_PRECOMPS = "";
				"GCC_THUMB_SUPPORT[arch=armv6]" = YES;
				GCC_VERSION = 4.2;
				HEADER_SEARCH_PATHS = (
					../../SDK/include,
					"../../SDK/include/cocos2d-x/cocos2dx/",
					"../../SDK/include/cocos2d-x/cocos2dx/include",
					"../../SDK/include/cocos2d-x/cocos2dx/platform",
					"../../SDK/include/cocos2d-x/cocos2dx/platform/ios",
					../,
					../../,
				);
				INCLUDED_RECURSIVE_SEARCH_PATH_SUBDIRECTORIES = "";
				INFOPLIST_FILE = "HiroCat/HiroCat-Info.plist";
				IPHONEOS_DEPLOYMENT_TARGET = 4.2;
				LD_RUNPATH_SEARCH_PATHS = "";
				LIBRARY_SEARCH_PATHS = "../../SDK/bin/Debug-iphonesimulator";
				New_Setting = "";
				ORDER_FILE = "";
				OTHER_LDFLAGS = (
					"../../SDK/bin/$(CONFIGURATION)$(EFFECTIVE_PLATFORM_NAME)/libCocos2d.a",
					"../../SDK/bin/$(CONFIGURATION)$(EFFECTIVE_PLATFORM_NAME)/libGnSystem.a",
					"../../SDK/bin/$(CONFIGURATION)$(EFFECTIVE_PLATFORM_NAME)/libGnMain.a",
					"../../SDK/bin/$(CONFIGURATION)$(EFFECTIVE_PLATFORM_NAME)/libGnMesh.a",
				);
				OTHER_TEST_FLAGS = "";
				PRELINK_LIBS = "";
				PRODUCT_NAME = "$(TARGET_NAME)";
				TARGETED_DEVICE_FAMILY = "1,2";
				USER_HEADER_SEARCH_PATHS = "";
				VALID_ARCHS = "armv6 armv7 i386";
				WARNING_LDFLAGS = "";
				WRAPPER_EXTENSION = app;
			};
			name = Debug;
		};
		21CDBAF113A4B57600BEF1DA /* Release */ = {
			isa = XCBuildConfiguration;
			buildSettings = {
				EXECUTABLE_PREFIX = "";
				FRAMEWORK_SEARCH_PATHS = "";
				GCC_PRECOMPILE_PREFIX_HEADER = YES;
				GCC_PREFIX_HEADER = "HiroCat/HiroCat-Prefix.pch";
				GCC_PREPROCESSOR_DEFINITIONS = (
					USE_FILE32API,
					GL_GLEXT_PROTOTYPES,
					TARGET_OS_IPHONE,
					GNRELEASE,
				);
				GCC_PREPROCESSOR_DEFINITIONS_NOT_USED_IN_PRECOMPS = "";
				GCC_SYMBOLS_PRIVATE_EXTERN = NO;
				"GCC_THUMB_SUPPORT[arch=armv6]" = YES;
				GCC_VERSION = 4.2;
				HEADER_SEARCH_PATHS = (
					../../SDK/include,
					"../../SDK/include/cocos2d-x/cocos2dx/",
					"../../SDK/include/cocos2d-x/cocos2dx/include",
					"../../SDK/include/cocos2d-x/cocos2dx/platform",
					"../../SDK/include/cocos2d-x/cocos2dx/platform/ios",
					../,
					../../,
				);
				INCLUDED_RECURSIVE_SEARCH_PATH_SUBDIRECTORIES = "";
				INFOPLIST_FILE = "HiroCat/HiroCat-Info.plist";
				IPHONEOS_DEPLOYMENT_TARGET = 4.2;
				LD_RUNPATH_SEARCH_PATHS = "";
				LIBRARY_SEARCH_PATHS = "../../SDK/bin/Debug-iphonesimulator";
				New_Setting = "";
				ORDER_FILE = "";
				OTHER_LDFLAGS = (
					"../../SDK/bin/$(CONFIGURATION)$(EFFECTIVE_PLATFORM_NAME)/libCocos2d.a",
					"../../SDK/bin/$(CONFIGURATION)$(EFFECTIVE_PLATFORM_NAME)/libGnSystem.a",
					"../../SDK/bin/$(CONFIGURATION)$(EFFECTIVE_PLATFORM_NAME)/libGnMain.a",
					"../../SDK/bin/$(CONFIGURATION)$(EFFECTIVE_PLATFORM_NAME)/libGnMesh.a",
				);
				OTHER_TEST_FLAGS = "";
				PRELINK_LIBS = "";
				PRODUCT_NAME = "$(TARGET_NAME)";
				TARGETED_DEVICE_FAMILY = "1,2";
				USER_HEADER_SEARCH_PATHS = "";
				VALID_ARCHS = "armv6 armv7 i386";
				WARNING_LDFLAGS = "";
				WRAPPER_EXTENSION = app;
			};
			name = Release;
		};
/* End XCBuildConfiguration section */

/* Begin XCConfigurationList section */
		21CDBABD13A4B57500BEF1DA /* Build configuration list for PBXProject "HiroCat" */ = {
			isa = XCConfigurationList;
			buildConfigurations = (
				21CDBAED13A4B57600BEF1DA /* Debug */,
				21CDBAEE13A4B57600BEF1DA /* Release */,
				2176019013A4D8A100A85384 /* Log */,
			);
			defaultConfigurationIsVisible = 0;
			defaultConfigurationName = Release;
		};
		21CDBAEF13A4B57600BEF1DA /* Build configuration list for PBXNativeTarget "HiroCat" */ = {
			isa = XCConfigurationList;
			buildConfigurations = (
				21CDBAF013A4B57600BEF1DA /* Debug */,
				21CDBAF113A4B57600BEF1DA /* Release */,
				2176019113A4D8A100A85384 /* Log */,
			);
			defaultConfigurationIsVisible = 0;
			defaultConfigurationName = Release;
		};
/* End XCConfigurationList section */
	};
	rootObject = 21CDBABA13A4B57500BEF1DA /* Project object */;
}
