<?xml version="1.0" encoding="utf-8"?>
<Project ToolsVersion="4.0" xmlns="http://schemas.microsoft.com/developer/msbuild/2003">
  <ItemGroup>
    <Filter Include="MFCBase">
      <UniqueIdentifier>{13332710-38ae-48f0-9237-52d92b9aa6c8}</UniqueIdentifier>
    </Filter>
    <Filter Include="MFCBase\헤더 파일">
      <UniqueIdentifier>{93995380-89BD-4b04-88EB-625FBE52EBFB}</UniqueIdentifier>
      <Extensions>
      </Extensions>
    </Filter>
    <Filter Include="MFCBase\소스 파일">
      <UniqueIdentifier>{4FC737F1-C7A5-4376-A066-2A32D752A2FF}</UniqueIdentifier>
      <Extensions>
      </Extensions>
    </Filter>
    <Filter Include="MFCBase\리소스 파일">
      <UniqueIdentifier>{67DA6AB6-F800-4c08-8B7A-83BB121AAD01}</UniqueIdentifier>
      <Extensions>rc;ico;cur;bmp;dlg;rc2;rct;bin;rgs;gif;jpg;jpeg;jpe;resx;tiff;tif;png;wav;mfcribbon-ms</Extensions>
    </Filter>
    <Filter Include="GnTools">
      <UniqueIdentifier>{097a0e1e-ae96-4303-ac54-d4ce464b6195}</UniqueIdentifier>
      <Extensions>inl;cpp;h</Extensions>
    </Filter>
    <Filter Include="GnTools\현재 사용안함">
      <UniqueIdentifier>{724dd1aa-93c9-4596-9618-d9354532a7f6}</UniqueIdentifier>
    </Filter>
    <Filter Include="GnTools\현재 사용안함\GnControl">
      <UniqueIdentifier>{bd941026-aaab-4a53-a059-586cab656444}</UniqueIdentifier>
    </Filter>
    <Filter Include="GnTools\GtControl">
      <UniqueIdentifier>{0a7273a8-8ea6-479a-8001-30fa2ebc5f5f}</UniqueIdentifier>
    </Filter>
    <Filter Include="GnTools\Properties">
      <UniqueIdentifier>{cdb591a7-1d7c-4c13-a75c-f46b86382215}</UniqueIdentifier>
    </Filter>
    <Filter Include="GnTools\String">
      <UniqueIdentifier>{217f6b45-8ab8-4add-8e66-a89ec09a30ae}</UniqueIdentifier>
    </Filter>
    <Filter Include="GnTools\Ani">
      <UniqueIdentifier>{c947367a-c21a-4c62-91db-335cea0a8165}</UniqueIdentifier>
    </Filter>
    <Filter Include="GnTools\Ani\ActorEditPage">
      <UniqueIdentifier>{d49b4852-28e4-4557-b7e8-6c521850db31}</UniqueIdentifier>
    </Filter>
    <Filter Include="GnTools\MFCGDI+">
      <UniqueIdentifier>{57708307-7b1b-481a-a499-89a9a037c1d2}</UniqueIdentifier>
    </Filter>
  </ItemGroup>
  <ItemGroup>
    <None Include="res\file_view.ico">
      <Filter>MFCBase\리소스 파일</Filter>
    </None>
    <None Include="res\file_view_hc.ico">
      <Filter>MFCBase\리소스 파일</Filter>
    </None>
    <None Include="res\class_view.ico">
      <Filter>MFCBase\리소스 파일</Filter>
    </None>
    <None Include="res\class_view_hc.ico">
      <Filter>MFCBase\리소스 파일</Filter>
    </None>
    <None Include="res\fileview.bmp">
      <Filter>MFCBase\리소스 파일</Filter>
    </None>
    <None Include="res\fileview_hc.bmp">
      <Filter>MFCBase\리소스 파일</Filter>
    </None>
    <None Include="res\classview.bmp">
      <Filter>MFCBase\리소스 파일</Filter>
    </None>
    <None Include="res\classview_hc.bmp">
      <Filter>MFCBase\리소스 파일</Filter>
    </None>
    <None Include="res\explorer.bmp">
      <Filter>MFCBase\리소스 파일</Filter>
    </None>
    <None Include="res\explorer_hc.bmp">
      <Filter>MFCBase\리소스 파일</Filter>
    </None>
    <None Include="res\sort.bmp">
      <Filter>MFCBase\리소스 파일</Filter>
    </None>
    <None Include="res\sort_hc.bmp">
      <Filter>MFCBase\리소스 파일</Filter>
    </None>
    <None Include="res\menuimages.bmp">
      <Filter>MFCBase\리소스 파일</Filter>
    </None>
    <None Include="res\menuimages_hc.bmp">
      <Filter>MFCBase\리소스 파일</Filter>
    </None>
    <None Include="res\output_wnd.ico">
      <Filter>MFCBase\리소스 파일</Filter>
    </None>
    <None Include="res\output_wnd_hc.ico">
      <Filter>MFCBase\리소스 파일</Filter>
    </None>
    <None Include="res\properties_wnd.ico">
      <Filter>MFCBase\리소스 파일</Filter>
    </None>
    <None Include="res\properties_wnd_hc.ico">
      <Filter>MFCBase\리소스 파일</Filter>
    </None>
    <None Include="res\properties.bmp">
      <Filter>MFCBase\리소스 파일</Filter>
    </None>
    <None Include="res\properties_hc.bmp">
      <Filter>MFCBase\리소스 파일</Filter>
    </None>
    <None Include="res\nav_large.bmp">
      <Filter>MFCBase\리소스 파일</Filter>
    </None>
    <None Include="res\nav_large_hc.bmp">
      <Filter>MFCBase\리소스 파일</Filter>
    </None>
    <None Include="res\pages.bmp">
      <Filter>MFCBase\리소스 파일</Filter>
    </None>
    <None Include="res\pages_hc.bmp">
      <Filter>MFCBase\리소스 파일</Filter>
    </None>
    <None Include="res\pages_small.bmp">
      <Filter>MFCBase\리소스 파일</Filter>
    </None>
    <None Include="res\pages_small_hc.bmp">
      <Filter>MFCBase\리소스 파일</Filter>
    </None>
    <None Include="res\buttons.bmp">
      <Filter>MFCBase\리소스 파일</Filter>
    </None>
    <None Include="res\filelarge.bmp">
      <Filter>MFCBase\리소스 파일</Filter>
    </None>
    <None Include="res\filesmall.bmp">
      <Filter>MFCBase\리소스 파일</Filter>
    </None>
    <None Include="res\main.bmp">
      <Filter>MFCBase\리소스 파일</Filter>
    </None>
    <None Include="res\writelarge.bmp">
      <Filter>MFCBase\리소스 파일</Filter>
    </None>
    <None Include="res\writesmall.bmp">
      <Filter>MFCBase\리소스 파일</Filter>
    </None>
    <None Include="res\ribbon.mfcribbon-ms">
      <Filter>MFCBase\리소스 파일</Filter>
    </None>
    <None Include="res\GnTools.rc2">
      <Filter>MFCBase\리소스 파일</Filter>
    </None>
    <None Include="res\GnToolsDoc.ico">
      <Filter>MFCBase\리소스 파일</Filter>
    </None>
    <None Include="res\GnTools.ico">
      <Filter>MFCBase\리소스 파일</Filter>
    </None>
    <None Include="res\Toolbar.bmp">
      <Filter>MFCBase\리소스 파일</Filter>
    </None>
    <None Include="res\Toolbar256.bmp">
      <Filter>MFCBase\리소스 파일</Filter>
    </None>
    <None Include="GnTools.reg">
      <Filter>MFCBase</Filter>
    </None>
    <None Include="ReadMe.txt">
      <Filter>MFCBase</Filter>
    </None>
    <None Include="res\icon1.ico">
      <Filter>MFCBase\리소스 파일</Filter>
    </None>
    <None Include="res\Animation.bmp">
      <Filter>MFCBase\리소스 파일</Filter>
    </None>
    <None Include="res\TemplateListViewBar.bmp">
      <Filter>MFCBase\리소스 파일</Filter>
    </None>
    <None Include="res\TemplateListViewBar_hc.bmp">
      <Filter>MFCBase\리소스 파일</Filter>
    </None>
    <None Include="res\PropertiesState.bmp">
      <Filter>MFCBase\리소스 파일</Filter>
    </None>
    <None Include="res\mainfram.bmp">
      <Filter>MFCBase\리소스 파일</Filter>
    </None>
  </ItemGroup>
  <ItemGroup>
    <ClInclude Include="GnTools.h">
      <Filter>MFCBase\헤더 파일</Filter>
    </ClInclude>
    <ClInclude Include="stdafx.h">
      <Filter>MFCBase\헤더 파일</Filter>
    </ClInclude>
    <ClInclude Include="targetver.h">
      <Filter>MFCBase\헤더 파일</Filter>
    </ClInclude>
    <ClInclude Include="MainFrm.h">
      <Filter>MFCBase\헤더 파일</Filter>
    </ClInclude>
    <ClInclude Include="ChildFrm.h">
      <Filter>MFCBase\헤더 파일</Filter>
    </ClInclude>
    <ClInclude Include="GnToolsDoc.h">
      <Filter>MFCBase\헤더 파일</Filter>
    </ClInclude>
    <ClInclude Include="GnToolsView.h">
      <Filter>MFCBase\헤더 파일</Filter>
    </ClInclude>
    <ClInclude Include="Resource.h">
      <Filter>MFCBase\헤더 파일</Filter>
    </ClInclude>
    <ClInclude Include="FileView.h">
      <Filter>MFCBase\헤더 파일</Filter>
    </ClInclude>
    <ClInclude Include="ClassView.h">
      <Filter>MFCBase\헤더 파일</Filter>
    </ClInclude>
    <ClInclude Include="ViewTree.h">
      <Filter>MFCBase\헤더 파일</Filter>
    </ClInclude>
    <ClInclude Include="OutputWnd.h">
      <Filter>MFCBase\헤더 파일</Filter>
    </ClInclude>
    <ClInclude Include="CalendarBar.h">
      <Filter>MFCBase\헤더 파일</Filter>
    </ClInclude>
    <ClInclude Include="GnToolBar.h">
      <Filter>GnTools\현재 사용안함\GnControl</Filter>
    </ClInclude>
    <ClInclude Include="GnControlSetting.h">
      <Filter>GnTools\현재 사용안함\GnControl</Filter>
    </ClInclude>
    <ClInclude Include="GnTextureFile.h">
      <Filter>GnTools\현재 사용안함\GnControl</Filter>
    </ClInclude>
    <ClInclude Include="Ctrl\GtFloatSpinButtonCtrl.h">
      <Filter>GnTools\GtControl</Filter>
    </ClInclude>
    <ClInclude Include="Ctrl\GtPropertyGridCtrl.h">
      <Filter>GnTools\GtControl</Filter>
    </ClInclude>
    <ClInclude Include="Ctrl\GtPropertyGridFloatSpinProperty.h">
      <Filter>GnTools\GtControl</Filter>
    </ClInclude>
    <ClInclude Include="Ctrl\GtPropertyGridMultiFileProperty.h">
      <Filter>GnTools\GtControl</Filter>
    </ClInclude>
    <ClInclude Include="Ctrl\GtTasksPane.h">
      <Filter>GnTools\GtControl</Filter>
    </ClInclude>
    <ClInclude Include="Ctrl\GtTemplateListCtrl.h">
      <Filter>GnTools\GtControl</Filter>
    </ClInclude>
    <ClInclude Include="Ctrl\GtToolBarForm.h">
      <Filter>GnTools\GtControl</Filter>
    </ClInclude>
    <ClInclude Include="GtOpenDialog.h">
      <Filter>GnTools\GtControl</Filter>
    </ClInclude>
    <ClInclude Include="GtCString.h">
      <Filter>GnTools\String</Filter>
    </ClInclude>
    <ClInclude Include="GtPropertyGridProperty.h">
      <Filter>GnTools\GtControl</Filter>
    </ClInclude>
    <ClInclude Include="GtPropertyGridFileProperty.h">
      <Filter>GnTools\GtControl</Filter>
    </ClInclude>
    <ClInclude Include="GtSequenceTextureEditPage.h">
      <Filter>GnTools\Ani\ActorEditPage</Filter>
    </ClInclude>
    <ClInclude Include="GtEditorPropSheet.h">
      <Filter>GnTools\Ani\ActorEditPage</Filter>
    </ClInclude>
    <ClInclude Include="Ctrl\GtTemplateTasksPane.h">
      <Filter>GnTools\GtControl</Filter>
    </ClInclude>
    <ClInclude Include="GtVSListBox.h">
      <Filter>GnTools\GtControl</Filter>
    </ClInclude>
    <ClInclude Include="GtPropertyPage.h">
      <Filter>GnTools\Ani\ActorEditPage</Filter>
    </ClInclude>
    <ClInclude Include="GtSequenceMainEdiPage.h">
      <Filter>GnTools\Ani\ActorEditPage</Filter>
    </ClInclude>
    <ClInclude Include="GtEditorPropSheetDlg.h">
      <Filter>GnTools\Ani\ActorEditPage</Filter>
    </ClInclude>
    <ClInclude Include="GtSequenceListDlg.h">
      <Filter>GnTools\현재 사용안함</Filter>
    </ClInclude>
    <ClInclude Include="GtWindowCreater.h">
      <Filter>GnTools</Filter>
    </ClInclude>
    <ClInclude Include="GnMessageDefine.h">
      <Filter>GnTools</Filter>
    </ClInclude>
    <ClInclude Include="GnObjectNew.h">
      <Filter>GnTools</Filter>
    </ClInclude>
    <ClInclude Include="GnToolEBM.h">
      <Filter>GnTools</Filter>
    </ClInclude>
    <ClInclude Include="GtMediateObject.h">
      <Filter>GnTools</Filter>
    </ClInclude>
    <ClInclude Include="GtNewObjectDlg.h">
      <Filter>GnTools</Filter>
    </ClInclude>
    <ClInclude Include="Ctrl\GtTemplateListForm.h">
      <Filter>GnTools</Filter>
    </ClInclude>
    <ClInclude Include="GtTextureDefine.h">
      <Filter>GnTools</Filter>
    </ClInclude>
    <ClInclude Include="GtMainProperties.h">
      <Filter>GnTools</Filter>
    </ClInclude>
    <ClInclude Include="GtSequenceListCtrl.h">
      <Filter>GnTools\Ani</Filter>
    </ClInclude>
    <ClInclude Include="GtProperties.h">
      <Filter>GnTools\Ani</Filter>
    </ClInclude>
    <ClInclude Include="GtTextureAnimationPropEntity.h">
      <Filter>GnTools\Properties</Filter>
    </ClInclude>
    <ClInclude Include="Gt2DTexturePropEntity.h">
      <Filter>GnTools\Properties</Filter>
    </ClInclude>
    <ClInclude Include="GtBasicPropEntity.h">
      <Filter>GnTools\Properties</Filter>
    </ClInclude>
    <ClInclude Include="GtCollectionEntities.h">
      <Filter>GnTools\Properties</Filter>
    </ClInclude>
    <ClInclude Include="GtPropertyEntity.h">
      <Filter>GnTools\Properties</Filter>
    </ClInclude>
    <ClInclude Include="GtSequenceInfoPropEntity.h">
      <Filter>GnTools\Properties</Filter>
    </ClInclude>
    <ClInclude Include="GtScreenMeshPropEntity.h">
      <Filter>GnTools\Properties</Filter>
    </ClInclude>
    <ClInclude Include="GtBoundedNumberPairProp.h">
      <Filter>GnTools\GtControl</Filter>
    </ClInclude>
    <ClInclude Include="GtCrossDrawLine.h">
      <Filter>GnTools\MFCGDI+</Filter>
    </ClInclude>
    <ClInclude Include="GtDrawRect.h">
      <Filter>GnTools\MFCGDI+</Filter>
    </ClInclude>
    <ClInclude Include="GtDrawGDI.h">
      <Filter>GnTools\MFCGDI+</Filter>
    </ClInclude>
    <ClInclude Include="GtDrawMouseRectangle.h">
      <Filter>GnTools\MFCGDI+</Filter>
    </ClInclude>
  </ItemGroup>
  <ItemGroup>
    <ClCompile Include="GnTools.cpp">
      <Filter>MFCBase\소스 파일</Filter>
    </ClCompile>
    <ClCompile Include="stdafx.cpp">
      <Filter>MFCBase\소스 파일</Filter>
    </ClCompile>
    <ClCompile Include="MainFrm.cpp">
      <Filter>MFCBase\소스 파일</Filter>
    </ClCompile>
    <ClCompile Include="ChildFrm.cpp">
      <Filter>MFCBase\소스 파일</Filter>
    </ClCompile>
    <ClCompile Include="GnToolsDoc.cpp">
      <Filter>MFCBase\소스 파일</Filter>
    </ClCompile>
    <ClCompile Include="GnToolsView.cpp">
      <Filter>MFCBase\소스 파일</Filter>
    </ClCompile>
    <ClCompile Include="FileView.cpp">
      <Filter>MFCBase\소스 파일</Filter>
    </ClCompile>
    <ClCompile Include="ClassView.cpp">
      <Filter>MFCBase\소스 파일</Filter>
    </ClCompile>
    <ClCompile Include="ViewTree.cpp">
      <Filter>MFCBase\소스 파일</Filter>
    </ClCompile>
    <ClCompile Include="OutputWnd.cpp">
      <Filter>MFCBase\소스 파일</Filter>
    </ClCompile>
    <ClCompile Include="CalendarBar.cpp">
      <Filter>MFCBase\소스 파일</Filter>
    </ClCompile>
    <ClCompile Include="GnToolBar.cpp">
      <Filter>GnTools\현재 사용안함\GnControl</Filter>
    </ClCompile>
    <ClCompile Include="GnControlSetting.cpp">
      <Filter>GnTools\현재 사용안함\GnControl</Filter>
    </ClCompile>
    <ClCompile Include="GnTextureFile.cpp">
      <Filter>GnTools\현재 사용안함\GnControl</Filter>
    </ClCompile>
    <ClCompile Include="Ctrl\GtFloatSpinButtonCtrl.cpp">
      <Filter>GnTools\GtControl</Filter>
    </ClCompile>
    <ClCompile Include="Ctrl\GtPropertyGridCtrl.cpp">
      <Filter>GnTools\GtControl</Filter>
    </ClCompile>
    <ClCompile Include="Ctrl\GtPropertyGridFloatSpinProperty.cpp">
      <Filter>GnTools\GtControl</Filter>
    </ClCompile>
    <ClCompile Include="Ctrl\GtPropertyGridMultiFileProperty.cpp">
      <Filter>GnTools\GtControl</Filter>
    </ClCompile>
    <ClCompile Include="Ctrl\GtTasksPane.cpp">
      <Filter>GnTools\GtControl</Filter>
    </ClCompile>
    <ClCompile Include="Ctrl\GtTemplateListCtrl.cpp">
      <Filter>GnTools\GtControl</Filter>
    </ClCompile>
    <ClCompile Include="Ctrl\GtToolBarForm.cpp">
      <Filter>GnTools\GtControl</Filter>
    </ClCompile>
    <ClCompile Include="Ctrl\GtTemplateTasksPane.cpp">
      <Filter>GnTools\GtControl</Filter>
    </ClCompile>
    <ClCompile Include="GtOpenDialog.cpp">
      <Filter>GnTools\GtControl</Filter>
    </ClCompile>
    <ClCompile Include="GtCString.cpp">
      <Filter>GnTools\String</Filter>
    </ClCompile>
    <ClCompile Include="GtPropertyGridProperty.cpp">
      <Filter>GnTools\GtControl</Filter>
    </ClCompile>
    <ClCompile Include="GtPropertyGridFileProperty.cpp">
      <Filter>GnTools\GtControl</Filter>
    </ClCompile>
    <ClCompile Include="GtSequenceTextureEditPage.cpp">
      <Filter>GnTools\Ani\ActorEditPage</Filter>
    </ClCompile>
    <ClCompile Include="GtEditorPropSheet.cpp">
      <Filter>GnTools\Ani\ActorEditPage</Filter>
    </ClCompile>
    <ClCompile Include="GtVSListBox.cpp">
      <Filter>GnTools\GtControl</Filter>
    </ClCompile>
    <ClCompile Include="GtPropertyPage.cpp">
      <Filter>GnTools\Ani\ActorEditPage</Filter>
    </ClCompile>
    <ClCompile Include="GtSequenceMainEdiPage.cpp">
      <Filter>GnTools\Ani\ActorEditPage</Filter>
    </ClCompile>
    <ClCompile Include="GtEditorPropSheetDlg.cpp">
      <Filter>GnTools\Ani\ActorEditPage</Filter>
    </ClCompile>
    <ClCompile Include="GtSequenceListDlg.cpp">
      <Filter>GnTools\현재 사용안함</Filter>
    </ClCompile>
    <ClCompile Include="GnObjectNew.cpp">
      <Filter>GnTools</Filter>
    </ClCompile>
    <ClCompile Include="GnToolEBM.cpp">
      <Filter>GnTools</Filter>
    </ClCompile>
    <ClCompile Include="GtMediateObject.cpp">
      <Filter>GnTools</Filter>
    </ClCompile>
    <ClCompile Include="GtNewObjectDlg.cpp">
      <Filter>GnTools</Filter>
    </ClCompile>
    <ClCompile Include="Ctrl\GtTemplateListForm.cpp">
      <Filter>GnTools</Filter>
    </ClCompile>
    <ClCompile Include="GtWindowCreater.cpp">
      <Filter>GnTools</Filter>
    </ClCompile>
    <ClCompile Include="GtMainProperties.cpp">
      <Filter>GnTools</Filter>
    </ClCompile>
    <ClCompile Include="GtSequenceListCtrl.cpp">
      <Filter>GnTools\Ani</Filter>
    </ClCompile>
    <ClCompile Include="GtProperties.cpp">
      <Filter>GnTools\Ani</Filter>
    </ClCompile>
    <ClCompile Include="Gt2DTexturePropEntity.cpp">
      <Filter>GnTools\Properties</Filter>
    </ClCompile>
    <ClCompile Include="GtBasicPropEntity.cpp">
      <Filter>GnTools\Properties</Filter>
    </ClCompile>
    <ClCompile Include="GtCollectionEntities.cpp">
      <Filter>GnTools\Properties</Filter>
    </ClCompile>
    <ClCompile Include="GtPropertyEntity.cpp">
      <Filter>GnTools\Properties</Filter>
    </ClCompile>
    <ClCompile Include="GtSequenceInfoPropEntity.cpp">
      <Filter>GnTools\Properties</Filter>
    </ClCompile>
    <ClCompile Include="GtTextureAnimationPropEntity.cpp">
      <Filter>GnTools\Properties</Filter>
    </ClCompile>
    <ClCompile Include="GtScreenMeshPropEntity.cpp">
      <Filter>GnTools\Properties</Filter>
    </ClCompile>
    <ClCompile Include="GtBoundedNumberPairProp.cpp">
      <Filter>GnTools\GtControl</Filter>
    </ClCompile>
    <ClCompile Include="GtCrossDrawLine.cpp">
      <Filter>GnTools\MFCGDI+</Filter>
    </ClCompile>
    <ClCompile Include="GtDrawGDI.cpp">
      <Filter>GnTools\MFCGDI+</Filter>
    </ClCompile>
    <ClCompile Include="GtDrawRect.cpp">
      <Filter>GnTools\MFCGDI+</Filter>
    </ClCompile>
    <ClCompile Include="GtDrawMouseRectangle.cpp">
      <Filter>GnTools\MFCGDI+</Filter>
    </ClCompile>
  </ItemGroup>
  <ItemGroup>
    <Midl Include="GnTools.idl">
      <Filter>MFCBase\소스 파일</Filter>
    </Midl>
  </ItemGroup>
  <ItemGroup>
    <ResourceCompile Include="GnTools.rc">
      <Filter>MFCBase\리소스 파일</Filter>
    </ResourceCompile>
  </ItemGroup>
</Project>